
Microsoft Visual Studio Solution File, Format Version 12.00
# Visual Studio 14
VisualStudioVersion = 14.0.23107.0
MinimumVisualStudioVersion = 10.0.40219.1
Project("{FAE04EC0-301F-11D3-BF4B-00C04F79EFBC}") = "Gearset.XNA.Windows", "Gearset\Gearset.XNA.Windows.csproj", "{972591D9-EC31-44F2-B860-A060F4A7D9C5}"
EndProject
Project("{2150E333-8FDC-42A3-9474-1A3956D46DE8}") = "Samples", "Samples", "{012C0BB5-C908-4D09-9792-163E18F7039F}"
EndProject
Project("{FAE04EC0-301F-11D3-BF4B-00C04F79EFBC}") = "Windows Phone - Dummy Gearset", "Gearset\Windows Phone - Dummy Gearset.csproj", "{BBEBBFB9-9E08-437B-967B-5308D7059E16}"
EndProject
Project("{FAE04EC0-301F-11D3-BF4B-00C04F79EFBC}") = "Xbox 360 - Dummy Gearset", "Gearset\Xbox 360 - Dummy Gearset.csproj", "{0E5787C6-AEF0-4E28-859D-4CDE1EC0106D}"
EndProject
Project("{2150E333-8FDC-42A3-9474-1A3956D46DE8}") = "Dummies", "Dummies", "{A5D6AB53-AFEB-4F10-A063-327E0D7F1C31}"
EndProject
Project("{FAE04EC0-301F-11D3-BF4B-00C04F79EFBC}") = "FunctionExtractor", "FunctionExtractor\FunctionExtractor.csproj", "{451DE2D6-2961-40C7-870D-794CE846F5A3}"
EndProject
Project("{2150E333-8FDC-42A3-9474-1A3956D46DE8}") = "Tools", "Tools", "{7DB833C5-334F-42A4-B902-C8124ACFC8BB}"
EndProject
Project("{FAE04EC0-301F-11D3-BF4B-00C04F79EFBC}") = "Gearset.MonoGame.WindowsDX", "Gearset\Gearset.MonoGame.WindowsDX.csproj", "{3A1C5411-9202-41E6-9C13-F492F2B155BC}"
EndProject
Project("{FAE04EC0-301F-11D3-BF4B-00C04F79EFBC}") = "Gearset.MonoGame.WindowsDX.EmptyKeysUI", "Gearset\Gearset.MonoGame.WindowsDX.EmptyKeysUI.csproj", "{C8E16EB0-08A6-41CA-BF12-50AEE8C7B3B9}"
EndProject
Project("{FAE04EC0-301F-11D3-BF4B-00C04F79EFBC}") = "EmptyKeys.GearsetUI", "EmptyKeysUI\EmptyKeys.GearsetUI\EmptyKeys.GearsetUI.csproj", "{556DEE67-1170-4F93-88DE-2175C97FCF3C}"
EndProject
Project("{FAE04EC0-301F-11D3-BF4B-00C04F79EFBC}") = "EmptyKeys.GearsetXaml", "EmptyKeysUI\EmptyKeys.GearsetXaml\EmptyKeys.GearsetXaml.csproj", "{E66E4C19-43B7-42AC-BF64-98C3A6D2C4D1}"
EndProject
Project("{FAE04EC0-301F-11D3-BF4B-00C04F79EFBC}") = "SampleGame.MonoGame.WindowsDX", "Samples\SampleGame\SampleGame.MonoGame.WindowsDX.csproj", "{5492C697-3D92-434C-80DD-BE27D597901D}"
EndProject
Project("{FAE04EC0-301F-11D3-BF4B-00C04F79EFBC}") = "SampleGame.MonoGame.WindowsDX.EmptyKeysUI", "Samples\SampleGame\SampleGame.MonoGame.WindowsDX.EmptyKeysUI.csproj", "{6622101B-4587-43B2-9725-C4A288756756}"
EndProject
Project("{FAE04EC0-301F-11D3-BF4B-00C04F79EFBC}") = "SampleGame.XNA.Windows", "Samples\SampleGame\SampleGame.XNA.Windows.csproj", "{441F16E5-1F11-4065-9D6B-446F1C17CF70}"
EndProject
Project("{FAE04EC0-301F-11D3-BF4B-00C04F79EFBC}") = "EmptyKeys.GearsetModel", "EmptyKeysUI\EmptyKeys.GearsetModel\EmptyKeys.GearsetModel.csproj", "{5E94B177-0B26-42B6-9D6D-828930C49C5F}"
EndProject
Project("{2150E333-8FDC-42A3-9474-1A3956D46DE8}") = "EmptyKeysUI", "EmptyKeysUI", "{BAFF54DA-5F33-4270-8572-CD43AD1E1E52}"
EndProject
Project("{FAE04EC0-301F-11D3-BF4B-00C04F79EFBC}") = "Gearset.MonoGame.WindowsGL", "Gearset\Gearset.MonoGame.WindowsGL.csproj", "{D69B67FD-1781-4D42-9B91-86338292DCE9}"
EndProject
Project("{FAE04EC0-301F-11D3-BF4B-00C04F79EFBC}") = "SampleGame.MonoGame.WindowsGL", "Samples\SampleGame\SampleGame.MonoGame.WindowsGL.csproj", "{A0B5D2EF-38FD-41B9-99C6-DEF2669758B2}"
EndProject
Global
	GlobalSection(SolutionConfigurationPlatforms) = preSolution
		Debug|Any CPU = Debug|Any CPU
		Debug|Mixed Platforms = Debug|Mixed Platforms
		Debug|Windows Phone = Debug|Windows Phone
		Debug|x86 = Debug|x86
		Debug|Xbox 360 = Debug|Xbox 360
		FastDeployGame|Any CPU = FastDeployGame|Any CPU
		FastDeployGame|Mixed Platforms = FastDeployGame|Mixed Platforms
		FastDeployGame|Windows Phone = FastDeployGame|Windows Phone
		FastDeployGame|x86 = FastDeployGame|x86
		FastDeployGame|Xbox 360 = FastDeployGame|Xbox 360
		MinimalLoad|Any CPU = MinimalLoad|Any CPU
		MinimalLoad|Mixed Platforms = MinimalLoad|Mixed Platforms
		MinimalLoad|Windows Phone = MinimalLoad|Windows Phone
		MinimalLoad|x86 = MinimalLoad|x86
		MinimalLoad|Xbox 360 = MinimalLoad|Xbox 360
		Release|Any CPU = Release|Any CPU
		Release|Mixed Platforms = Release|Mixed Platforms
		Release|Windows Phone = Release|Windows Phone
		Release|x86 = Release|x86
		Release|Xbox 360 = Release|Xbox 360
	EndGlobalSection
	GlobalSection(ProjectConfigurationPlatforms) = postSolution
		{972591D9-EC31-44F2-B860-A060F4A7D9C5}.Debug|Any CPU.ActiveCfg = Debug|x86
		{972591D9-EC31-44F2-B860-A060F4A7D9C5}.Debug|Mixed Platforms.ActiveCfg = Debug|x86
		{972591D9-EC31-44F2-B860-A060F4A7D9C5}.Debug|Mixed Platforms.Build.0 = Debug|x86
		{972591D9-EC31-44F2-B860-A060F4A7D9C5}.Debug|Windows Phone.ActiveCfg = Debug|x86
		{972591D9-EC31-44F2-B860-A060F4A7D9C5}.Debug|Windows Phone.Build.0 = Debug|x86
		{972591D9-EC31-44F2-B860-A060F4A7D9C5}.Debug|x86.ActiveCfg = Debug|x86
		{972591D9-EC31-44F2-B860-A060F4A7D9C5}.Debug|x86.Build.0 = Debug|x86
		{972591D9-EC31-44F2-B860-A060F4A7D9C5}.Debug|Xbox 360.ActiveCfg = Debug|x86
		{972591D9-EC31-44F2-B860-A060F4A7D9C5}.Debug|Xbox 360.Build.0 = Debug|x86
		{972591D9-EC31-44F2-B860-A060F4A7D9C5}.FastDeployGame|Any CPU.ActiveCfg = FastDeployGame|x86
		{972591D9-EC31-44F2-B860-A060F4A7D9C5}.FastDeployGame|Mixed Platforms.ActiveCfg = FastDeployGame|x86
		{972591D9-EC31-44F2-B860-A060F4A7D9C5}.FastDeployGame|Mixed Platforms.Build.0 = FastDeployGame|x86
		{972591D9-EC31-44F2-B860-A060F4A7D9C5}.FastDeployGame|Windows Phone.ActiveCfg = FastDeployGame|x86
		{972591D9-EC31-44F2-B860-A060F4A7D9C5}.FastDeployGame|Windows Phone.Build.0 = FastDeployGame|x86
		{972591D9-EC31-44F2-B860-A060F4A7D9C5}.FastDeployGame|x86.ActiveCfg = FastDeployGame|x86
		{972591D9-EC31-44F2-B860-A060F4A7D9C5}.FastDeployGame|x86.Build.0 = FastDeployGame|x86
		{972591D9-EC31-44F2-B860-A060F4A7D9C5}.FastDeployGame|Xbox 360.ActiveCfg = FastDeployGame|x86
		{972591D9-EC31-44F2-B860-A060F4A7D9C5}.FastDeployGame|Xbox 360.Build.0 = FastDeployGame|x86
		{972591D9-EC31-44F2-B860-A060F4A7D9C5}.MinimalLoad|Any CPU.ActiveCfg = FastDeployGame|x86
		{972591D9-EC31-44F2-B860-A060F4A7D9C5}.MinimalLoad|Mixed Platforms.ActiveCfg = FastDeployGame|x86
		{972591D9-EC31-44F2-B860-A060F4A7D9C5}.MinimalLoad|Mixed Platforms.Build.0 = FastDeployGame|x86
		{972591D9-EC31-44F2-B860-A060F4A7D9C5}.MinimalLoad|Windows Phone.ActiveCfg = FastDeployGame|x86
		{972591D9-EC31-44F2-B860-A060F4A7D9C5}.MinimalLoad|Windows Phone.Build.0 = FastDeployGame|x86
		{972591D9-EC31-44F2-B860-A060F4A7D9C5}.MinimalLoad|x86.ActiveCfg = FastDeployGame|x86
		{972591D9-EC31-44F2-B860-A060F4A7D9C5}.MinimalLoad|x86.Build.0 = FastDeployGame|x86
		{972591D9-EC31-44F2-B860-A060F4A7D9C5}.MinimalLoad|Xbox 360.ActiveCfg = FastDeployGame|x86
		{972591D9-EC31-44F2-B860-A060F4A7D9C5}.MinimalLoad|Xbox 360.Build.0 = FastDeployGame|x86
		{972591D9-EC31-44F2-B860-A060F4A7D9C5}.Release|Any CPU.ActiveCfg = Release|x86
		{972591D9-EC31-44F2-B860-A060F4A7D9C5}.Release|Mixed Platforms.ActiveCfg = Release|x86
		{972591D9-EC31-44F2-B860-A060F4A7D9C5}.Release|Mixed Platforms.Build.0 = Release|x86
		{972591D9-EC31-44F2-B860-A060F4A7D9C5}.Release|Windows Phone.ActiveCfg = Release|x86
		{972591D9-EC31-44F2-B860-A060F4A7D9C5}.Release|Windows Phone.Build.0 = Release|x86
		{972591D9-EC31-44F2-B860-A060F4A7D9C5}.Release|x86.ActiveCfg = Release|x86
		{972591D9-EC31-44F2-B860-A060F4A7D9C5}.Release|x86.Build.0 = Release|x86
		{972591D9-EC31-44F2-B860-A060F4A7D9C5}.Release|Xbox 360.ActiveCfg = Release|x86
		{972591D9-EC31-44F2-B860-A060F4A7D9C5}.Release|Xbox 360.Build.0 = Release|x86
		{BBEBBFB9-9E08-437B-967B-5308D7059E16}.Debug|Any CPU.ActiveCfg = Debug|Windows Phone
		{BBEBBFB9-9E08-437B-967B-5308D7059E16}.Debug|Mixed Platforms.ActiveCfg = Debug|Windows Phone
		{BBEBBFB9-9E08-437B-967B-5308D7059E16}.Debug|Windows Phone.ActiveCfg = Debug|Windows Phone
		{BBEBBFB9-9E08-437B-967B-5308D7059E16}.Debug|Windows Phone.Build.0 = Debug|Windows Phone
		{BBEBBFB9-9E08-437B-967B-5308D7059E16}.Debug|x86.ActiveCfg = Debug|Windows Phone
		{BBEBBFB9-9E08-437B-967B-5308D7059E16}.Debug|x86.Build.0 = Debug|Windows Phone
		{BBEBBFB9-9E08-437B-967B-5308D7059E16}.Debug|Xbox 360.ActiveCfg = Debug|Windows Phone
		{BBEBBFB9-9E08-437B-967B-5308D7059E16}.Debug|Xbox 360.Build.0 = Debug|Windows Phone
		{BBEBBFB9-9E08-437B-967B-5308D7059E16}.FastDeployGame|Any CPU.ActiveCfg = FastDeployGame|Windows Phone
		{BBEBBFB9-9E08-437B-967B-5308D7059E16}.FastDeployGame|Mixed Platforms.ActiveCfg = FastDeployGame|Windows Phone
		{BBEBBFB9-9E08-437B-967B-5308D7059E16}.FastDeployGame|Mixed Platforms.Build.0 = FastDeployGame|Windows Phone
		{BBEBBFB9-9E08-437B-967B-5308D7059E16}.FastDeployGame|Windows Phone.ActiveCfg = FastDeployGame|Windows Phone
		{BBEBBFB9-9E08-437B-967B-5308D7059E16}.FastDeployGame|Windows Phone.Build.0 = FastDeployGame|Windows Phone
		{BBEBBFB9-9E08-437B-967B-5308D7059E16}.FastDeployGame|x86.ActiveCfg = FastDeployGame|Windows Phone
		{BBEBBFB9-9E08-437B-967B-5308D7059E16}.FastDeployGame|x86.Build.0 = FastDeployGame|Windows Phone
		{BBEBBFB9-9E08-437B-967B-5308D7059E16}.FastDeployGame|Xbox 360.ActiveCfg = FastDeployGame|Windows Phone
		{BBEBBFB9-9E08-437B-967B-5308D7059E16}.FastDeployGame|Xbox 360.Build.0 = FastDeployGame|Windows Phone
		{BBEBBFB9-9E08-437B-967B-5308D7059E16}.MinimalLoad|Any CPU.ActiveCfg = FastDeployGame|Windows Phone
		{BBEBBFB9-9E08-437B-967B-5308D7059E16}.MinimalLoad|Mixed Platforms.ActiveCfg = FastDeployGame|Windows Phone
		{BBEBBFB9-9E08-437B-967B-5308D7059E16}.MinimalLoad|Mixed Platforms.Build.0 = FastDeployGame|Windows Phone
		{BBEBBFB9-9E08-437B-967B-5308D7059E16}.MinimalLoad|Windows Phone.ActiveCfg = FastDeployGame|Windows Phone
		{BBEBBFB9-9E08-437B-967B-5308D7059E16}.MinimalLoad|Windows Phone.Build.0 = FastDeployGame|Windows Phone
		{BBEBBFB9-9E08-437B-967B-5308D7059E16}.MinimalLoad|x86.ActiveCfg = FastDeployGame|Windows Phone
		{BBEBBFB9-9E08-437B-967B-5308D7059E16}.MinimalLoad|x86.Build.0 = FastDeployGame|Windows Phone
		{BBEBBFB9-9E08-437B-967B-5308D7059E16}.MinimalLoad|Xbox 360.ActiveCfg = FastDeployGame|Windows Phone
		{BBEBBFB9-9E08-437B-967B-5308D7059E16}.MinimalLoad|Xbox 360.Build.0 = FastDeployGame|Windows Phone
		{BBEBBFB9-9E08-437B-967B-5308D7059E16}.Release|Any CPU.ActiveCfg = Release|Windows Phone
		{BBEBBFB9-9E08-437B-967B-5308D7059E16}.Release|Mixed Platforms.ActiveCfg = Release|Windows Phone
		{BBEBBFB9-9E08-437B-967B-5308D7059E16}.Release|Windows Phone.ActiveCfg = Release|Windows Phone
		{BBEBBFB9-9E08-437B-967B-5308D7059E16}.Release|Windows Phone.Build.0 = Release|Windows Phone
		{BBEBBFB9-9E08-437B-967B-5308D7059E16}.Release|x86.ActiveCfg = Release|Windows Phone
		{BBEBBFB9-9E08-437B-967B-5308D7059E16}.Release|x86.Build.0 = Release|Windows Phone
		{BBEBBFB9-9E08-437B-967B-5308D7059E16}.Release|Xbox 360.ActiveCfg = Release|Windows Phone
		{BBEBBFB9-9E08-437B-967B-5308D7059E16}.Release|Xbox 360.Build.0 = Release|Windows Phone
		{0E5787C6-AEF0-4E28-859D-4CDE1EC0106D}.Debug|Any CPU.ActiveCfg = Debug|Xbox 360
		{0E5787C6-AEF0-4E28-859D-4CDE1EC0106D}.Debug|Mixed Platforms.ActiveCfg = Debug|Xbox 360
		{0E5787C6-AEF0-4E28-859D-4CDE1EC0106D}.Debug|Windows Phone.ActiveCfg = Debug|Xbox 360
		{0E5787C6-AEF0-4E28-859D-4CDE1EC0106D}.Debug|Windows Phone.Build.0 = Debug|Xbox 360
		{0E5787C6-AEF0-4E28-859D-4CDE1EC0106D}.Debug|x86.ActiveCfg = Debug|Xbox 360
		{0E5787C6-AEF0-4E28-859D-4CDE1EC0106D}.Debug|x86.Build.0 = Debug|Xbox 360
		{0E5787C6-AEF0-4E28-859D-4CDE1EC0106D}.Debug|Xbox 360.ActiveCfg = Debug|Xbox 360
		{0E5787C6-AEF0-4E28-859D-4CDE1EC0106D}.Debug|Xbox 360.Build.0 = Debug|Xbox 360
		{0E5787C6-AEF0-4E28-859D-4CDE1EC0106D}.FastDeployGame|Any CPU.ActiveCfg = Release|Xbox 360
		{0E5787C6-AEF0-4E28-859D-4CDE1EC0106D}.FastDeployGame|Mixed Platforms.ActiveCfg = Release|Xbox 360
		{0E5787C6-AEF0-4E28-859D-4CDE1EC0106D}.FastDeployGame|Mixed Platforms.Build.0 = Release|Xbox 360
		{0E5787C6-AEF0-4E28-859D-4CDE1EC0106D}.FastDeployGame|Windows Phone.ActiveCfg = Release|Xbox 360
		{0E5787C6-AEF0-4E28-859D-4CDE1EC0106D}.FastDeployGame|Windows Phone.Build.0 = Release|Xbox 360
		{0E5787C6-AEF0-4E28-859D-4CDE1EC0106D}.FastDeployGame|x86.ActiveCfg = Release|Xbox 360
		{0E5787C6-AEF0-4E28-859D-4CDE1EC0106D}.FastDeployGame|x86.Build.0 = Release|Xbox 360
		{0E5787C6-AEF0-4E28-859D-4CDE1EC0106D}.FastDeployGame|Xbox 360.ActiveCfg = Release|Xbox 360
		{0E5787C6-AEF0-4E28-859D-4CDE1EC0106D}.FastDeployGame|Xbox 360.Build.0 = Release|Xbox 360
		{0E5787C6-AEF0-4E28-859D-4CDE1EC0106D}.MinimalLoad|Any CPU.ActiveCfg = Release|Xbox 360
		{0E5787C6-AEF0-4E28-859D-4CDE1EC0106D}.MinimalLoad|Mixed Platforms.ActiveCfg = Release|Xbox 360
		{0E5787C6-AEF0-4E28-859D-4CDE1EC0106D}.MinimalLoad|Mixed Platforms.Build.0 = Release|Xbox 360
		{0E5787C6-AEF0-4E28-859D-4CDE1EC0106D}.MinimalLoad|Windows Phone.ActiveCfg = Release|Xbox 360
		{0E5787C6-AEF0-4E28-859D-4CDE1EC0106D}.MinimalLoad|Windows Phone.Build.0 = Release|Xbox 360
		{0E5787C6-AEF0-4E28-859D-4CDE1EC0106D}.MinimalLoad|x86.ActiveCfg = Release|Xbox 360
		{0E5787C6-AEF0-4E28-859D-4CDE1EC0106D}.MinimalLoad|x86.Build.0 = Release|Xbox 360
		{0E5787C6-AEF0-4E28-859D-4CDE1EC0106D}.MinimalLoad|Xbox 360.ActiveCfg = Release|Xbox 360
		{0E5787C6-AEF0-4E28-859D-4CDE1EC0106D}.MinimalLoad|Xbox 360.Build.0 = Release|Xbox 360
		{0E5787C6-AEF0-4E28-859D-4CDE1EC0106D}.Release|Any CPU.ActiveCfg = Release|Xbox 360
		{0E5787C6-AEF0-4E28-859D-4CDE1EC0106D}.Release|Mixed Platforms.ActiveCfg = Release|Xbox 360
		{0E5787C6-AEF0-4E28-859D-4CDE1EC0106D}.Release|Windows Phone.ActiveCfg = Release|Xbox 360
		{0E5787C6-AEF0-4E28-859D-4CDE1EC0106D}.Release|Windows Phone.Build.0 = Release|Xbox 360
		{0E5787C6-AEF0-4E28-859D-4CDE1EC0106D}.Release|x86.ActiveCfg = Release|Xbox 360
		{0E5787C6-AEF0-4E28-859D-4CDE1EC0106D}.Release|x86.Build.0 = Release|Xbox 360
		{0E5787C6-AEF0-4E28-859D-4CDE1EC0106D}.Release|Xbox 360.ActiveCfg = Release|Xbox 360
		{0E5787C6-AEF0-4E28-859D-4CDE1EC0106D}.Release|Xbox 360.Build.0 = Release|Xbox 360
		{451DE2D6-2961-40C7-870D-794CE846F5A3}.Debug|Any CPU.ActiveCfg = Debug|x86
		{451DE2D6-2961-40C7-870D-794CE846F5A3}.Debug|Mixed Platforms.ActiveCfg = Debug|x86
		{451DE2D6-2961-40C7-870D-794CE846F5A3}.Debug|Windows Phone.ActiveCfg = Debug|x86
		{451DE2D6-2961-40C7-870D-794CE846F5A3}.Debug|x86.ActiveCfg = Debug|x86
		{451DE2D6-2961-40C7-870D-794CE846F5A3}.Debug|x86.Build.0 = Debug|x86
		{451DE2D6-2961-40C7-870D-794CE846F5A3}.Debug|Xbox 360.ActiveCfg = Debug|x86
		{451DE2D6-2961-40C7-870D-794CE846F5A3}.FastDeployGame|Any CPU.ActiveCfg = Release|x86
		{451DE2D6-2961-40C7-870D-794CE846F5A3}.FastDeployGame|Mixed Platforms.ActiveCfg = Release|x86
		{451DE2D6-2961-40C7-870D-794CE846F5A3}.FastDeployGame|Mixed Platforms.Build.0 = Release|x86
		{451DE2D6-2961-40C7-870D-794CE846F5A3}.FastDeployGame|Windows Phone.ActiveCfg = Release|x86
		{451DE2D6-2961-40C7-870D-794CE846F5A3}.FastDeployGame|x86.ActiveCfg = Release|x86
		{451DE2D6-2961-40C7-870D-794CE846F5A3}.FastDeployGame|x86.Build.0 = Release|x86
		{451DE2D6-2961-40C7-870D-794CE846F5A3}.FastDeployGame|Xbox 360.ActiveCfg = Release|x86
		{451DE2D6-2961-40C7-870D-794CE846F5A3}.MinimalLoad|Any CPU.ActiveCfg = Release|x86
		{451DE2D6-2961-40C7-870D-794CE846F5A3}.MinimalLoad|Mixed Platforms.ActiveCfg = Release|x86
		{451DE2D6-2961-40C7-870D-794CE846F5A3}.MinimalLoad|Mixed Platforms.Build.0 = Release|x86
		{451DE2D6-2961-40C7-870D-794CE846F5A3}.MinimalLoad|Windows Phone.ActiveCfg = Release|x86
		{451DE2D6-2961-40C7-870D-794CE846F5A3}.MinimalLoad|x86.ActiveCfg = Release|x86
		{451DE2D6-2961-40C7-870D-794CE846F5A3}.MinimalLoad|x86.Build.0 = Release|x86
		{451DE2D6-2961-40C7-870D-794CE846F5A3}.MinimalLoad|Xbox 360.ActiveCfg = Release|x86
		{451DE2D6-2961-40C7-870D-794CE846F5A3}.Release|Any CPU.ActiveCfg = Release|x86
		{451DE2D6-2961-40C7-870D-794CE846F5A3}.Release|Mixed Platforms.ActiveCfg = Release|x86
		{451DE2D6-2961-40C7-870D-794CE846F5A3}.Release|Windows Phone.ActiveCfg = Release|x86
		{451DE2D6-2961-40C7-870D-794CE846F5A3}.Release|x86.ActiveCfg = Release|x86
		{451DE2D6-2961-40C7-870D-794CE846F5A3}.Release|x86.Build.0 = Release|x86
		{451DE2D6-2961-40C7-870D-794CE846F5A3}.Release|Xbox 360.ActiveCfg = Release|x86
		{3A1C5411-9202-41E6-9C13-F492F2B155BC}.Debug|Any CPU.ActiveCfg = Debug|Any CPU
		{3A1C5411-9202-41E6-9C13-F492F2B155BC}.Debug|Any CPU.Build.0 = Debug|Any CPU
		{3A1C5411-9202-41E6-9C13-F492F2B155BC}.Debug|Mixed Platforms.ActiveCfg = Debug|Any CPU
		{3A1C5411-9202-41E6-9C13-F492F2B155BC}.Debug|Mixed Platforms.Build.0 = Debug|Any CPU
		{3A1C5411-9202-41E6-9C13-F492F2B155BC}.Debug|Windows Phone.ActiveCfg = Debug|Any CPU
		{3A1C5411-9202-41E6-9C13-F492F2B155BC}.Debug|x86.ActiveCfg = Debug|Any CPU
		{3A1C5411-9202-41E6-9C13-F492F2B155BC}.Debug|Xbox 360.ActiveCfg = Debug|Any CPU
		{3A1C5411-9202-41E6-9C13-F492F2B155BC}.FastDeployGame|Any CPU.ActiveCfg = Release|Any CPU
		{3A1C5411-9202-41E6-9C13-F492F2B155BC}.FastDeployGame|Any CPU.Build.0 = Release|Any CPU
		{3A1C5411-9202-41E6-9C13-F492F2B155BC}.FastDeployGame|Mixed Platforms.ActiveCfg = Release|Any CPU
		{3A1C5411-9202-41E6-9C13-F492F2B155BC}.FastDeployGame|Mixed Platforms.Build.0 = Release|Any CPU
		{3A1C5411-9202-41E6-9C13-F492F2B155BC}.FastDeployGame|Windows Phone.ActiveCfg = Release|Any CPU
		{3A1C5411-9202-41E6-9C13-F492F2B155BC}.FastDeployGame|x86.ActiveCfg = Release|Any CPU
		{3A1C5411-9202-41E6-9C13-F492F2B155BC}.FastDeployGame|Xbox 360.ActiveCfg = Release|Any CPU
		{3A1C5411-9202-41E6-9C13-F492F2B155BC}.MinimalLoad|Any CPU.ActiveCfg = Release|Any CPU
		{3A1C5411-9202-41E6-9C13-F492F2B155BC}.MinimalLoad|Any CPU.Build.0 = Release|Any CPU
		{3A1C5411-9202-41E6-9C13-F492F2B155BC}.MinimalLoad|Mixed Platforms.ActiveCfg = Release|Any CPU
		{3A1C5411-9202-41E6-9C13-F492F2B155BC}.MinimalLoad|Mixed Platforms.Build.0 = Release|Any CPU
		{3A1C5411-9202-41E6-9C13-F492F2B155BC}.MinimalLoad|Windows Phone.ActiveCfg = Release|Any CPU
		{3A1C5411-9202-41E6-9C13-F492F2B155BC}.MinimalLoad|x86.ActiveCfg = Release|Any CPU
		{3A1C5411-9202-41E6-9C13-F492F2B155BC}.MinimalLoad|Xbox 360.ActiveCfg = Release|Any CPU
		{3A1C5411-9202-41E6-9C13-F492F2B155BC}.Release|Any CPU.ActiveCfg = Release|Any CPU
		{3A1C5411-9202-41E6-9C13-F492F2B155BC}.Release|Any CPU.Build.0 = Release|Any CPU
		{3A1C5411-9202-41E6-9C13-F492F2B155BC}.Release|Mixed Platforms.ActiveCfg = Release|Any CPU
		{3A1C5411-9202-41E6-9C13-F492F2B155BC}.Release|Mixed Platforms.Build.0 = Release|Any CPU
		{3A1C5411-9202-41E6-9C13-F492F2B155BC}.Release|Windows Phone.ActiveCfg = Release|Any CPU
		{3A1C5411-9202-41E6-9C13-F492F2B155BC}.Release|x86.ActiveCfg = Release|Any CPU
		{3A1C5411-9202-41E6-9C13-F492F2B155BC}.Release|Xbox 360.ActiveCfg = Release|Any CPU
		{C8E16EB0-08A6-41CA-BF12-50AEE8C7B3B9}.Debug|Any CPU.ActiveCfg = Debug|Any CPU
		{C8E16EB0-08A6-41CA-BF12-50AEE8C7B3B9}.Debug|Any CPU.Build.0 = Debug|Any CPU
		{C8E16EB0-08A6-41CA-BF12-50AEE8C7B3B9}.Debug|Mixed Platforms.ActiveCfg = Debug|Any CPU
		{C8E16EB0-08A6-41CA-BF12-50AEE8C7B3B9}.Debug|Mixed Platforms.Build.0 = Debug|Any CPU
		{C8E16EB0-08A6-41CA-BF12-50AEE8C7B3B9}.Debug|Windows Phone.ActiveCfg = Debug|Any CPU
		{C8E16EB0-08A6-41CA-BF12-50AEE8C7B3B9}.Debug|x86.ActiveCfg = Debug|Any CPU
		{C8E16EB0-08A6-41CA-BF12-50AEE8C7B3B9}.Debug|Xbox 360.ActiveCfg = Debug|Any CPU
		{C8E16EB0-08A6-41CA-BF12-50AEE8C7B3B9}.FastDeployGame|Any CPU.ActiveCfg = Release|Any CPU
		{C8E16EB0-08A6-41CA-BF12-50AEE8C7B3B9}.FastDeployGame|Any CPU.Build.0 = Release|Any CPU
		{C8E16EB0-08A6-41CA-BF12-50AEE8C7B3B9}.FastDeployGame|Mixed Platforms.ActiveCfg = Release|Any CPU
		{C8E16EB0-08A6-41CA-BF12-50AEE8C7B3B9}.FastDeployGame|Mixed Platforms.Build.0 = Release|Any CPU
		{C8E16EB0-08A6-41CA-BF12-50AEE8C7B3B9}.FastDeployGame|Windows Phone.ActiveCfg = Release|Any CPU
		{C8E16EB0-08A6-41CA-BF12-50AEE8C7B3B9}.FastDeployGame|x86.ActiveCfg = Release|Any CPU
		{C8E16EB0-08A6-41CA-BF12-50AEE8C7B3B9}.FastDeployGame|Xbox 360.ActiveCfg = Release|Any CPU
		{C8E16EB0-08A6-41CA-BF12-50AEE8C7B3B9}.MinimalLoad|Any CPU.ActiveCfg = Release|Any CPU
		{C8E16EB0-08A6-41CA-BF12-50AEE8C7B3B9}.MinimalLoad|Any CPU.Build.0 = Release|Any CPU
		{C8E16EB0-08A6-41CA-BF12-50AEE8C7B3B9}.MinimalLoad|Mixed Platforms.ActiveCfg = Release|Any CPU
		{C8E16EB0-08A6-41CA-BF12-50AEE8C7B3B9}.MinimalLoad|Mixed Platforms.Build.0 = Release|Any CPU
		{C8E16EB0-08A6-41CA-BF12-50AEE8C7B3B9}.MinimalLoad|Windows Phone.ActiveCfg = Release|Any CPU
		{C8E16EB0-08A6-41CA-BF12-50AEE8C7B3B9}.MinimalLoad|x86.ActiveCfg = Release|Any CPU
		{C8E16EB0-08A6-41CA-BF12-50AEE8C7B3B9}.MinimalLoad|Xbox 360.ActiveCfg = Release|Any CPU
		{C8E16EB0-08A6-41CA-BF12-50AEE8C7B3B9}.Release|Any CPU.ActiveCfg = Release|Any CPU
		{C8E16EB0-08A6-41CA-BF12-50AEE8C7B3B9}.Release|Any CPU.Build.0 = Release|Any CPU
		{C8E16EB0-08A6-41CA-BF12-50AEE8C7B3B9}.Release|Mixed Platforms.ActiveCfg = Release|Any CPU
		{C8E16EB0-08A6-41CA-BF12-50AEE8C7B3B9}.Release|Mixed Platforms.Build.0 = Release|Any CPU
		{C8E16EB0-08A6-41CA-BF12-50AEE8C7B3B9}.Release|Windows Phone.ActiveCfg = Release|Any CPU
		{C8E16EB0-08A6-41CA-BF12-50AEE8C7B3B9}.Release|x86.ActiveCfg = Release|Any CPU
		{C8E16EB0-08A6-41CA-BF12-50AEE8C7B3B9}.Release|Xbox 360.ActiveCfg = Release|Any CPU
		{556DEE67-1170-4F93-88DE-2175C97FCF3C}.Debug|Any CPU.ActiveCfg = Debug|Any CPU
		{556DEE67-1170-4F93-88DE-2175C97FCF3C}.Debug|Any CPU.Build.0 = Debug|Any CPU
		{556DEE67-1170-4F93-88DE-2175C97FCF3C}.Debug|Mixed Platforms.ActiveCfg = Debug|Any CPU
		{556DEE67-1170-4F93-88DE-2175C97FCF3C}.Debug|Mixed Platforms.Build.0 = Debug|Any CPU
		{556DEE67-1170-4F93-88DE-2175C97FCF3C}.Debug|Windows Phone.ActiveCfg = Debug|Any CPU
		{556DEE67-1170-4F93-88DE-2175C97FCF3C}.Debug|x86.ActiveCfg = Debug|Any CPU
		{556DEE67-1170-4F93-88DE-2175C97FCF3C}.Debug|Xbox 360.ActiveCfg = Debug|Any CPU
		{556DEE67-1170-4F93-88DE-2175C97FCF3C}.FastDeployGame|Any CPU.ActiveCfg = Release|Any CPU
		{556DEE67-1170-4F93-88DE-2175C97FCF3C}.FastDeployGame|Any CPU.Build.0 = Release|Any CPU
		{556DEE67-1170-4F93-88DE-2175C97FCF3C}.FastDeployGame|Mixed Platforms.ActiveCfg = Release|Any CPU
		{556DEE67-1170-4F93-88DE-2175C97FCF3C}.FastDeployGame|Mixed Platforms.Build.0 = Release|Any CPU
		{556DEE67-1170-4F93-88DE-2175C97FCF3C}.FastDeployGame|Windows Phone.ActiveCfg = Release|Any CPU
		{556DEE67-1170-4F93-88DE-2175C97FCF3C}.FastDeployGame|x86.ActiveCfg = Release|Any CPU
		{556DEE67-1170-4F93-88DE-2175C97FCF3C}.FastDeployGame|Xbox 360.ActiveCfg = Release|Any CPU
		{556DEE67-1170-4F93-88DE-2175C97FCF3C}.MinimalLoad|Any CPU.ActiveCfg = Release|Any CPU
		{556DEE67-1170-4F93-88DE-2175C97FCF3C}.MinimalLoad|Any CPU.Build.0 = Release|Any CPU
		{556DEE67-1170-4F93-88DE-2175C97FCF3C}.MinimalLoad|Mixed Platforms.ActiveCfg = Release|Any CPU
		{556DEE67-1170-4F93-88DE-2175C97FCF3C}.MinimalLoad|Mixed Platforms.Build.0 = Release|Any CPU
		{556DEE67-1170-4F93-88DE-2175C97FCF3C}.MinimalLoad|Windows Phone.ActiveCfg = Release|Any CPU
		{556DEE67-1170-4F93-88DE-2175C97FCF3C}.MinimalLoad|x86.ActiveCfg = Release|Any CPU
		{556DEE67-1170-4F93-88DE-2175C97FCF3C}.MinimalLoad|Xbox 360.ActiveCfg = Release|Any CPU
		{556DEE67-1170-4F93-88DE-2175C97FCF3C}.Release|Any CPU.ActiveCfg = Release|Any CPU
		{556DEE67-1170-4F93-88DE-2175C97FCF3C}.Release|Any CPU.Build.0 = Release|Any CPU
		{556DEE67-1170-4F93-88DE-2175C97FCF3C}.Release|Mixed Platforms.ActiveCfg = Release|Any CPU
		{556DEE67-1170-4F93-88DE-2175C97FCF3C}.Release|Mixed Platforms.Build.0 = Release|Any CPU
		{556DEE67-1170-4F93-88DE-2175C97FCF3C}.Release|Windows Phone.ActiveCfg = Release|Any CPU
		{556DEE67-1170-4F93-88DE-2175C97FCF3C}.Release|x86.ActiveCfg = Release|Any CPU
		{556DEE67-1170-4F93-88DE-2175C97FCF3C}.Release|Xbox 360.ActiveCfg = Release|Any CPU
		{E66E4C19-43B7-42AC-BF64-98C3A6D2C4D1}.Debug|Any CPU.ActiveCfg = Debug|Any CPU
		{E66E4C19-43B7-42AC-BF64-98C3A6D2C4D1}.Debug|Any CPU.Build.0 = Debug|Any CPU
		{E66E4C19-43B7-42AC-BF64-98C3A6D2C4D1}.Debug|Mixed Platforms.ActiveCfg = Debug|Any CPU
		{E66E4C19-43B7-42AC-BF64-98C3A6D2C4D1}.Debug|Mixed Platforms.Build.0 = Debug|Any CPU
		{E66E4C19-43B7-42AC-BF64-98C3A6D2C4D1}.Debug|Windows Phone.ActiveCfg = Debug|Any CPU
		{E66E4C19-43B7-42AC-BF64-98C3A6D2C4D1}.Debug|x86.ActiveCfg = Debug|Any CPU
		{E66E4C19-43B7-42AC-BF64-98C3A6D2C4D1}.Debug|Xbox 360.ActiveCfg = Debug|Any CPU
		{E66E4C19-43B7-42AC-BF64-98C3A6D2C4D1}.FastDeployGame|Any CPU.ActiveCfg = Release|Any CPU
		{E66E4C19-43B7-42AC-BF64-98C3A6D2C4D1}.FastDeployGame|Any CPU.Build.0 = Release|Any CPU
		{E66E4C19-43B7-42AC-BF64-98C3A6D2C4D1}.FastDeployGame|Mixed Platforms.ActiveCfg = Release|Any CPU
		{E66E4C19-43B7-42AC-BF64-98C3A6D2C4D1}.FastDeployGame|Mixed Platforms.Build.0 = Release|Any CPU
		{E66E4C19-43B7-42AC-BF64-98C3A6D2C4D1}.FastDeployGame|Windows Phone.ActiveCfg = Release|Any CPU
		{E66E4C19-43B7-42AC-BF64-98C3A6D2C4D1}.FastDeployGame|x86.ActiveCfg = Release|Any CPU
		{E66E4C19-43B7-42AC-BF64-98C3A6D2C4D1}.FastDeployGame|Xbox 360.ActiveCfg = Release|Any CPU
		{E66E4C19-43B7-42AC-BF64-98C3A6D2C4D1}.MinimalLoad|Any CPU.ActiveCfg = Release|Any CPU
		{E66E4C19-43B7-42AC-BF64-98C3A6D2C4D1}.MinimalLoad|Any CPU.Build.0 = Release|Any CPU
		{E66E4C19-43B7-42AC-BF64-98C3A6D2C4D1}.MinimalLoad|Mixed Platforms.ActiveCfg = Release|Any CPU
		{E66E4C19-43B7-42AC-BF64-98C3A6D2C4D1}.MinimalLoad|Mixed Platforms.Build.0 = Release|Any CPU
		{E66E4C19-43B7-42AC-BF64-98C3A6D2C4D1}.MinimalLoad|Windows Phone.ActiveCfg = Release|Any CPU
		{E66E4C19-43B7-42AC-BF64-98C3A6D2C4D1}.MinimalLoad|x86.ActiveCfg = Release|Any CPU
		{E66E4C19-43B7-42AC-BF64-98C3A6D2C4D1}.MinimalLoad|Xbox 360.ActiveCfg = Release|Any CPU
		{E66E4C19-43B7-42AC-BF64-98C3A6D2C4D1}.Release|Any CPU.ActiveCfg = Release|Any CPU
		{E66E4C19-43B7-42AC-BF64-98C3A6D2C4D1}.Release|Any CPU.Build.0 = Release|Any CPU
		{E66E4C19-43B7-42AC-BF64-98C3A6D2C4D1}.Release|Mixed Platforms.ActiveCfg = Release|Any CPU
		{E66E4C19-43B7-42AC-BF64-98C3A6D2C4D1}.Release|Mixed Platforms.Build.0 = Release|Any CPU
		{E66E4C19-43B7-42AC-BF64-98C3A6D2C4D1}.Release|Windows Phone.ActiveCfg = Release|Any CPU
		{E66E4C19-43B7-42AC-BF64-98C3A6D2C4D1}.Release|x86.ActiveCfg = Release|Any CPU
		{E66E4C19-43B7-42AC-BF64-98C3A6D2C4D1}.Release|Xbox 360.ActiveCfg = Release|Any CPU
		{5492C697-3D92-434C-80DD-BE27D597901D}.Debug|Any CPU.ActiveCfg = Debug|x86
		{5492C697-3D92-434C-80DD-BE27D597901D}.Debug|Mixed Platforms.ActiveCfg = Debug|x86
		{5492C697-3D92-434C-80DD-BE27D597901D}.Debug|Mixed Platforms.Build.0 = Debug|x86
		{5492C697-3D92-434C-80DD-BE27D597901D}.Debug|Windows Phone.ActiveCfg = Debug|x86
		{5492C697-3D92-434C-80DD-BE27D597901D}.Debug|x86.ActiveCfg = Debug|x86
		{5492C697-3D92-434C-80DD-BE27D597901D}.Debug|x86.Build.0 = Debug|x86
		{5492C697-3D92-434C-80DD-BE27D597901D}.Debug|Xbox 360.ActiveCfg = Debug|x86
		{5492C697-3D92-434C-80DD-BE27D597901D}.FastDeployGame|Any CPU.ActiveCfg = Release|x86
		{5492C697-3D92-434C-80DD-BE27D597901D}.FastDeployGame|Mixed Platforms.ActiveCfg = Release|x86
		{5492C697-3D92-434C-80DD-BE27D597901D}.FastDeployGame|Mixed Platforms.Build.0 = Release|x86
		{5492C697-3D92-434C-80DD-BE27D597901D}.FastDeployGame|Windows Phone.ActiveCfg = Release|x86
		{5492C697-3D92-434C-80DD-BE27D597901D}.FastDeployGame|x86.ActiveCfg = Release|x86
		{5492C697-3D92-434C-80DD-BE27D597901D}.FastDeployGame|x86.Build.0 = Release|x86
		{5492C697-3D92-434C-80DD-BE27D597901D}.FastDeployGame|Xbox 360.ActiveCfg = Release|x86
		{5492C697-3D92-434C-80DD-BE27D597901D}.MinimalLoad|Any CPU.ActiveCfg = Release|x86
		{5492C697-3D92-434C-80DD-BE27D597901D}.MinimalLoad|Mixed Platforms.ActiveCfg = Release|x86
		{5492C697-3D92-434C-80DD-BE27D597901D}.MinimalLoad|Mixed Platforms.Build.0 = Release|x86
		{5492C697-3D92-434C-80DD-BE27D597901D}.MinimalLoad|Windows Phone.ActiveCfg = Release|x86
		{5492C697-3D92-434C-80DD-BE27D597901D}.MinimalLoad|x86.ActiveCfg = Release|x86
		{5492C697-3D92-434C-80DD-BE27D597901D}.MinimalLoad|x86.Build.0 = Release|x86
		{5492C697-3D92-434C-80DD-BE27D597901D}.MinimalLoad|Xbox 360.ActiveCfg = Release|x86
		{5492C697-3D92-434C-80DD-BE27D597901D}.Release|Any CPU.ActiveCfg = Release|x86
		{5492C697-3D92-434C-80DD-BE27D597901D}.Release|Mixed Platforms.ActiveCfg = Release|x86
		{5492C697-3D92-434C-80DD-BE27D597901D}.Release|Mixed Platforms.Build.0 = Release|x86
		{5492C697-3D92-434C-80DD-BE27D597901D}.Release|Windows Phone.ActiveCfg = Release|x86
		{5492C697-3D92-434C-80DD-BE27D597901D}.Release|x86.ActiveCfg = Release|x86
		{5492C697-3D92-434C-80DD-BE27D597901D}.Release|x86.Build.0 = Release|x86
		{5492C697-3D92-434C-80DD-BE27D597901D}.Release|Xbox 360.ActiveCfg = Release|x86
		{6622101B-4587-43B2-9725-C4A288756756}.Debug|Any CPU.ActiveCfg = Debug|x86
		{6622101B-4587-43B2-9725-C4A288756756}.Debug|Mixed Platforms.ActiveCfg = Debug|x86
		{6622101B-4587-43B2-9725-C4A288756756}.Debug|Mixed Platforms.Build.0 = Debug|x86
		{6622101B-4587-43B2-9725-C4A288756756}.Debug|Windows Phone.ActiveCfg = Debug|x86
		{6622101B-4587-43B2-9725-C4A288756756}.Debug|x86.ActiveCfg = Debug|x86
		{6622101B-4587-43B2-9725-C4A288756756}.Debug|x86.Build.0 = Debug|x86
		{6622101B-4587-43B2-9725-C4A288756756}.Debug|Xbox 360.ActiveCfg = Debug|x86
		{6622101B-4587-43B2-9725-C4A288756756}.FastDeployGame|Any CPU.ActiveCfg = Release|x86
		{6622101B-4587-43B2-9725-C4A288756756}.FastDeployGame|Mixed Platforms.ActiveCfg = Release|x86
		{6622101B-4587-43B2-9725-C4A288756756}.FastDeployGame|Mixed Platforms.Build.0 = Release|x86
		{6622101B-4587-43B2-9725-C4A288756756}.FastDeployGame|Windows Phone.ActiveCfg = Release|x86
		{6622101B-4587-43B2-9725-C4A288756756}.FastDeployGame|x86.ActiveCfg = Release|x86
		{6622101B-4587-43B2-9725-C4A288756756}.FastDeployGame|x86.Build.0 = Release|x86
		{6622101B-4587-43B2-9725-C4A288756756}.FastDeployGame|Xbox 360.ActiveCfg = Release|x86
		{6622101B-4587-43B2-9725-C4A288756756}.MinimalLoad|Any CPU.ActiveCfg = Release|x86
		{6622101B-4587-43B2-9725-C4A288756756}.MinimalLoad|Mixed Platforms.ActiveCfg = Release|x86
		{6622101B-4587-43B2-9725-C4A288756756}.MinimalLoad|Mixed Platforms.Build.0 = Release|x86
		{6622101B-4587-43B2-9725-C4A288756756}.MinimalLoad|Windows Phone.ActiveCfg = Release|x86
		{6622101B-4587-43B2-9725-C4A288756756}.MinimalLoad|x86.ActiveCfg = Release|x86
		{6622101B-4587-43B2-9725-C4A288756756}.MinimalLoad|x86.Build.0 = Release|x86
		{6622101B-4587-43B2-9725-C4A288756756}.MinimalLoad|Xbox 360.ActiveCfg = Release|x86
		{6622101B-4587-43B2-9725-C4A288756756}.Release|Any CPU.ActiveCfg = Release|x86
		{6622101B-4587-43B2-9725-C4A288756756}.Release|Mixed Platforms.ActiveCfg = Release|x86
		{6622101B-4587-43B2-9725-C4A288756756}.Release|Mixed Platforms.Build.0 = Release|x86
		{6622101B-4587-43B2-9725-C4A288756756}.Release|Windows Phone.ActiveCfg = Release|x86
		{6622101B-4587-43B2-9725-C4A288756756}.Release|x86.ActiveCfg = Release|x86
		{6622101B-4587-43B2-9725-C4A288756756}.Release|x86.Build.0 = Release|x86
		{6622101B-4587-43B2-9725-C4A288756756}.Release|Xbox 360.ActiveCfg = Release|x86
		{441F16E5-1F11-4065-9D6B-446F1C17CF70}.Debug|Any CPU.ActiveCfg = Debug|x86
		{441F16E5-1F11-4065-9D6B-446F1C17CF70}.Debug|Mixed Platforms.ActiveCfg = Debug|x86
		{441F16E5-1F11-4065-9D6B-446F1C17CF70}.Debug|Mixed Platforms.Build.0 = Debug|x86
		{441F16E5-1F11-4065-9D6B-446F1C17CF70}.Debug|Windows Phone.ActiveCfg = Debug|x86
		{441F16E5-1F11-4065-9D6B-446F1C17CF70}.Debug|Windows Phone.Build.0 = Debug|x86
		{441F16E5-1F11-4065-9D6B-446F1C17CF70}.Debug|x86.ActiveCfg = Debug|x86
		{441F16E5-1F11-4065-9D6B-446F1C17CF70}.Debug|x86.Build.0 = Debug|x86
		{441F16E5-1F11-4065-9D6B-446F1C17CF70}.Debug|Xbox 360.ActiveCfg = Debug|x86
		{441F16E5-1F11-4065-9D6B-446F1C17CF70}.Debug|Xbox 360.Build.0 = Debug|x86
		{441F16E5-1F11-4065-9D6B-446F1C17CF70}.FastDeployGame|Any CPU.ActiveCfg = Release|x86
		{441F16E5-1F11-4065-9D6B-446F1C17CF70}.FastDeployGame|Mixed Platforms.ActiveCfg = Release|x86
		{441F16E5-1F11-4065-9D6B-446F1C17CF70}.FastDeployGame|Mixed Platforms.Build.0 = Release|x86
		{441F16E5-1F11-4065-9D6B-446F1C17CF70}.FastDeployGame|Windows Phone.ActiveCfg = Release|x86
		{441F16E5-1F11-4065-9D6B-446F1C17CF70}.FastDeployGame|Windows Phone.Build.0 = Release|x86
		{441F16E5-1F11-4065-9D6B-446F1C17CF70}.FastDeployGame|x86.ActiveCfg = Release|x86
		{441F16E5-1F11-4065-9D6B-446F1C17CF70}.FastDeployGame|x86.Build.0 = Release|x86
		{441F16E5-1F11-4065-9D6B-446F1C17CF70}.FastDeployGame|Xbox 360.ActiveCfg = Release|x86
		{441F16E5-1F11-4065-9D6B-446F1C17CF70}.FastDeployGame|Xbox 360.Build.0 = Release|x86
		{441F16E5-1F11-4065-9D6B-446F1C17CF70}.MinimalLoad|Any CPU.ActiveCfg = Release|x86
		{441F16E5-1F11-4065-9D6B-446F1C17CF70}.MinimalLoad|Mixed Platforms.ActiveCfg = Release|x86
		{441F16E5-1F11-4065-9D6B-446F1C17CF70}.MinimalLoad|Mixed Platforms.Build.0 = Release|x86
		{441F16E5-1F11-4065-9D6B-446F1C17CF70}.MinimalLoad|Windows Phone.ActiveCfg = Release|x86
		{441F16E5-1F11-4065-9D6B-446F1C17CF70}.MinimalLoad|Windows Phone.Build.0 = Release|x86
		{441F16E5-1F11-4065-9D6B-446F1C17CF70}.MinimalLoad|x86.ActiveCfg = Release|x86
		{441F16E5-1F11-4065-9D6B-446F1C17CF70}.MinimalLoad|x86.Build.0 = Release|x86
		{441F16E5-1F11-4065-9D6B-446F1C17CF70}.MinimalLoad|Xbox 360.ActiveCfg = Release|x86
		{441F16E5-1F11-4065-9D6B-446F1C17CF70}.MinimalLoad|Xbox 360.Build.0 = Release|x86
		{441F16E5-1F11-4065-9D6B-446F1C17CF70}.Release|Any CPU.ActiveCfg = Release|x86
		{441F16E5-1F11-4065-9D6B-446F1C17CF70}.Release|Mixed Platforms.ActiveCfg = Release|x86
		{441F16E5-1F11-4065-9D6B-446F1C17CF70}.Release|Mixed Platforms.Build.0 = Release|x86
		{441F16E5-1F11-4065-9D6B-446F1C17CF70}.Release|Windows Phone.ActiveCfg = Release|x86
		{441F16E5-1F11-4065-9D6B-446F1C17CF70}.Release|Windows Phone.Build.0 = Release|x86
		{441F16E5-1F11-4065-9D6B-446F1C17CF70}.Release|x86.ActiveCfg = Release|x86
		{441F16E5-1F11-4065-9D6B-446F1C17CF70}.Release|x86.Build.0 = Release|x86
		{441F16E5-1F11-4065-9D6B-446F1C17CF70}.Release|Xbox 360.ActiveCfg = Release|x86
		{441F16E5-1F11-4065-9D6B-446F1C17CF70}.Release|Xbox 360.Build.0 = Release|x86
		{5E94B177-0B26-42B6-9D6D-828930C49C5F}.Debug|Any CPU.ActiveCfg = Debug|Any CPU
		{5E94B177-0B26-42B6-9D6D-828930C49C5F}.Debug|Any CPU.Build.0 = Debug|Any CPU
		{5E94B177-0B26-42B6-9D6D-828930C49C5F}.Debug|Mixed Platforms.ActiveCfg = Debug|Any CPU
		{5E94B177-0B26-42B6-9D6D-828930C49C5F}.Debug|Mixed Platforms.Build.0 = Debug|Any CPU
		{5E94B177-0B26-42B6-9D6D-828930C49C5F}.Debug|Windows Phone.ActiveCfg = Debug|Any CPU
		{5E94B177-0B26-42B6-9D6D-828930C49C5F}.Debug|x86.ActiveCfg = Debug|Any CPU
		{5E94B177-0B26-42B6-9D6D-828930C49C5F}.Debug|Xbox 360.ActiveCfg = Debug|Any CPU
		{5E94B177-0B26-42B6-9D6D-828930C49C5F}.FastDeployGame|Any CPU.ActiveCfg = Release|Any CPU
		{5E94B177-0B26-42B6-9D6D-828930C49C5F}.FastDeployGame|Any CPU.Build.0 = Release|Any CPU
		{5E94B177-0B26-42B6-9D6D-828930C49C5F}.FastDeployGame|Mixed Platforms.ActiveCfg = Release|Any CPU
		{5E94B177-0B26-42B6-9D6D-828930C49C5F}.FastDeployGame|Mixed Platforms.Build.0 = Release|Any CPU
		{5E94B177-0B26-42B6-9D6D-828930C49C5F}.FastDeployGame|Windows Phone.ActiveCfg = Release|Any CPU
		{5E94B177-0B26-42B6-9D6D-828930C49C5F}.FastDeployGame|x86.ActiveCfg = Release|Any CPU
		{5E94B177-0B26-42B6-9D6D-828930C49C5F}.FastDeployGame|Xbox 360.ActiveCfg = Release|Any CPU
		{5E94B177-0B26-42B6-9D6D-828930C49C5F}.MinimalLoad|Any CPU.ActiveCfg = Release|Any CPU
		{5E94B177-0B26-42B6-9D6D-828930C49C5F}.MinimalLoad|Any CPU.Build.0 = Release|Any CPU
		{5E94B177-0B26-42B6-9D6D-828930C49C5F}.MinimalLoad|Mixed Platforms.ActiveCfg = Release|Any CPU
		{5E94B177-0B26-42B6-9D6D-828930C49C5F}.MinimalLoad|Mixed Platforms.Build.0 = Release|Any CPU
		{5E94B177-0B26-42B6-9D6D-828930C49C5F}.MinimalLoad|Windows Phone.ActiveCfg = Release|Any CPU
		{5E94B177-0B26-42B6-9D6D-828930C49C5F}.MinimalLoad|x86.ActiveCfg = Release|Any CPU
		{5E94B177-0B26-42B6-9D6D-828930C49C5F}.MinimalLoad|Xbox 360.ActiveCfg = Release|Any CPU
		{5E94B177-0B26-42B6-9D6D-828930C49C5F}.Release|Any CPU.ActiveCfg = Release|Any CPU
		{5E94B177-0B26-42B6-9D6D-828930C49C5F}.Release|Any CPU.Build.0 = Release|Any CPU
		{5E94B177-0B26-42B6-9D6D-828930C49C5F}.Release|Mixed Platforms.ActiveCfg = Release|Any CPU
		{5E94B177-0B26-42B6-9D6D-828930C49C5F}.Release|Mixed Platforms.Build.0 = Release|Any CPU
		{5E94B177-0B26-42B6-9D6D-828930C49C5F}.Release|Windows Phone.ActiveCfg = Release|Any CPU
		{5E94B177-0B26-42B6-9D6D-828930C49C5F}.Release|x86.ActiveCfg = Release|Any CPU
		{5E94B177-0B26-42B6-9D6D-828930C49C5F}.Release|Xbox 360.ActiveCfg = Release|Any CPU
		{D69B67FD-1781-4D42-9B91-86338292DCE9}.Debug|Any CPU.ActiveCfg = Debug|Any CPU
		{D69B67FD-1781-4D42-9B91-86338292DCE9}.Debug|Any CPU.Build.0 = Debug|Any CPU
		{D69B67FD-1781-4D42-9B91-86338292DCE9}.Debug|Mixed Platforms.ActiveCfg = Debug|Any CPU
		{D69B67FD-1781-4D42-9B91-86338292DCE9}.Debug|Mixed Platforms.Build.0 = Debug|Any CPU
		{D69B67FD-1781-4D42-9B91-86338292DCE9}.Debug|Windows Phone.ActiveCfg = Debug|Any CPU
		{D69B67FD-1781-4D42-9B91-86338292DCE9}.Debug|x86.ActiveCfg = Debug|Any CPU
		{D69B67FD-1781-4D42-9B91-86338292DCE9}.Debug|Xbox 360.ActiveCfg = Debug|Any CPU
		{D69B67FD-1781-4D42-9B91-86338292DCE9}.FastDeployGame|Any CPU.ActiveCfg = Release|Any CPU
		{D69B67FD-1781-4D42-9B91-86338292DCE9}.FastDeployGame|Any CPU.Build.0 = Release|Any CPU
		{D69B67FD-1781-4D42-9B91-86338292DCE9}.FastDeployGame|Mixed Platforms.ActiveCfg = Release|Any CPU
		{D69B67FD-1781-4D42-9B91-86338292DCE9}.FastDeployGame|Mixed Platforms.Build.0 = Release|Any CPU
		{D69B67FD-1781-4D42-9B91-86338292DCE9}.FastDeployGame|Windows Phone.ActiveCfg = Release|Any CPU
		{D69B67FD-1781-4D42-9B91-86338292DCE9}.FastDeployGame|x86.ActiveCfg = Release|Any CPU
		{D69B67FD-1781-4D42-9B91-86338292DCE9}.FastDeployGame|Xbox 360.ActiveCfg = Release|Any CPU
		{D69B67FD-1781-4D42-9B91-86338292DCE9}.MinimalLoad|Any CPU.ActiveCfg = Release|Any CPU
		{D69B67FD-1781-4D42-9B91-86338292DCE9}.MinimalLoad|Any CPU.Build.0 = Release|Any CPU
		{D69B67FD-1781-4D42-9B91-86338292DCE9}.MinimalLoad|Mixed Platforms.ActiveCfg = Release|Any CPU
		{D69B67FD-1781-4D42-9B91-86338292DCE9}.MinimalLoad|Mixed Platforms.Build.0 = Release|Any CPU
		{D69B67FD-1781-4D42-9B91-86338292DCE9}.MinimalLoad|Windows Phone.ActiveCfg = Release|Any CPU
		{D69B67FD-1781-4D42-9B91-86338292DCE9}.MinimalLoad|x86.ActiveCfg = Release|Any CPU
		{D69B67FD-1781-4D42-9B91-86338292DCE9}.MinimalLoad|Xbox 360.ActiveCfg = Release|Any CPU
		{D69B67FD-1781-4D42-9B91-86338292DCE9}.Release|Any CPU.ActiveCfg = Release|Any CPU
		{D69B67FD-1781-4D42-9B91-86338292DCE9}.Release|Any CPU.Build.0 = Release|Any CPU
		{D69B67FD-1781-4D42-9B91-86338292DCE9}.Release|Mixed Platforms.ActiveCfg = Release|Any CPU
		{D69B67FD-1781-4D42-9B91-86338292DCE9}.Release|Mixed Platforms.Build.0 = Release|Any CPU
		{D69B67FD-1781-4D42-9B91-86338292DCE9}.Release|Windows Phone.ActiveCfg = Release|Any CPU
		{D69B67FD-1781-4D42-9B91-86338292DCE9}.Release|x86.ActiveCfg = Release|Any CPU
		{D69B67FD-1781-4D42-9B91-86338292DCE9}.Release|Xbox 360.ActiveCfg = Release|Any CPU
		{A0B5D2EF-38FD-41B9-99C6-DEF2669758B2}.Debug|Any CPU.ActiveCfg = Debug|x86
		{A0B5D2EF-38FD-41B9-99C6-DEF2669758B2}.Debug|Mixed Platforms.ActiveCfg = Debug|x86
		{A0B5D2EF-38FD-41B9-99C6-DEF2669758B2}.Debug|Mixed Platforms.Build.0 = Debug|x86
		{A0B5D2EF-38FD-41B9-99C6-DEF2669758B2}.Debug|Windows Phone.ActiveCfg = Debug|x86
		{A0B5D2EF-38FD-41B9-99C6-DEF2669758B2}.Debug|x86.ActiveCfg = Debug|x86
		{A0B5D2EF-38FD-41B9-99C6-DEF2669758B2}.Debug|x86.Build.0 = Debug|x86
		{A0B5D2EF-38FD-41B9-99C6-DEF2669758B2}.Debug|Xbox 360.ActiveCfg = Debug|x86
		{A0B5D2EF-38FD-41B9-99C6-DEF2669758B2}.FastDeployGame|Any CPU.ActiveCfg = Release|x86
		{A0B5D2EF-38FD-41B9-99C6-DEF2669758B2}.FastDeployGame|Mixed Platforms.ActiveCfg = Release|x86
		{A0B5D2EF-38FD-41B9-99C6-DEF2669758B2}.FastDeployGame|Mixed Platforms.Build.0 = Release|x86
		{A0B5D2EF-38FD-41B9-99C6-DEF2669758B2}.FastDeployGame|Windows Phone.ActiveCfg = Release|x86
		{A0B5D2EF-38FD-41B9-99C6-DEF2669758B2}.FastDeployGame|x86.ActiveCfg = Release|x86
		{A0B5D2EF-38FD-41B9-99C6-DEF2669758B2}.FastDeployGame|x86.Build.0 = Release|x86
		{A0B5D2EF-38FD-41B9-99C6-DEF2669758B2}.FastDeployGame|Xbox 360.ActiveCfg = Release|x86
		{A0B5D2EF-38FD-41B9-99C6-DEF2669758B2}.MinimalLoad|Any CPU.ActiveCfg = Release|x86
		{A0B5D2EF-38FD-41B9-99C6-DEF2669758B2}.MinimalLoad|Mixed Platforms.ActiveCfg = Release|x86
		{A0B5D2EF-38FD-41B9-99C6-DEF2669758B2}.MinimalLoad|Mixed Platforms.Build.0 = Release|x86
		{A0B5D2EF-38FD-41B9-99C6-DEF2669758B2}.MinimalLoad|Windows Phone.ActiveCfg = Release|x86
		{A0B5D2EF-38FD-41B9-99C6-DEF2669758B2}.MinimalLoad|x86.ActiveCfg = Release|x86
		{A0B5D2EF-38FD-41B9-99C6-DEF2669758B2}.MinimalLoad|x86.Build.0 = Release|x86
		{A0B5D2EF-38FD-41B9-99C6-DEF2669758B2}.MinimalLoad|Xbox 360.ActiveCfg = Release|x86
		{A0B5D2EF-38FD-41B9-99C6-DEF2669758B2}.Release|Any CPU.ActiveCfg = Release|x86
		{A0B5D2EF-38FD-41B9-99C6-DEF2669758B2}.Release|Mixed Platforms.ActiveCfg = Release|x86
		{A0B5D2EF-38FD-41B9-99C6-DEF2669758B2}.Release|Mixed Platforms.Build.0 = Release|x86
		{A0B5D2EF-38FD-41B9-99C6-DEF2669758B2}.Release|Windows Phone.ActiveCfg = Release|x86
		{A0B5D2EF-38FD-41B9-99C6-DEF2669758B2}.Release|x86.ActiveCfg = Release|x86
		{A0B5D2EF-38FD-41B9-99C6-DEF2669758B2}.Release|x86.Build.0 = Release|x86
		{A0B5D2EF-38FD-41B9-99C6-DEF2669758B2}.Release|Xbox 360.ActiveCfg = Release|x86
	EndGlobalSection
	GlobalSection(SolutionProperties) = preSolution
		HideSolutionNode = FALSE
	EndGlobalSection
	GlobalSection(NestedProjects) = preSolution
		{BBEBBFB9-9E08-437B-967B-5308D7059E16} = {A5D6AB53-AFEB-4F10-A063-327E0D7F1C31}
		{0E5787C6-AEF0-4E28-859D-4CDE1EC0106D} = {A5D6AB53-AFEB-4F10-A063-327E0D7F1C31}
		{451DE2D6-2961-40C7-870D-794CE846F5A3} = {7DB833C5-334F-42A4-B902-C8124ACFC8BB}
		{556DEE67-1170-4F93-88DE-2175C97FCF3C} = {BAFF54DA-5F33-4270-8572-CD43AD1E1E52}
		{E66E4C19-43B7-42AC-BF64-98C3A6D2C4D1} = {BAFF54DA-5F33-4270-8572-CD43AD1E1E52}
		{5492C697-3D92-434C-80DD-BE27D597901D} = {012C0BB5-C908-4D09-9792-163E18F7039F}
		{6622101B-4587-43B2-9725-C4A288756756} = {012C0BB5-C908-4D09-9792-163E18F7039F}
		{441F16E5-1F11-4065-9D6B-446F1C17CF70} = {012C0BB5-C908-4D09-9792-163E18F7039F}
		{5E94B177-0B26-42B6-9D6D-828930C49C5F} = {BAFF54DA-5F33-4270-8572-CD43AD1E1E52}
		{A0B5D2EF-38FD-41B9-99C6-DEF2669758B2} = {012C0BB5-C908-4D09-9792-163E18F7039F}
	EndGlobalSection
EndGlobal
