
Microsoft Visual Studio Solution File, Format Version 11.00
# Visual Studio 2010
Project("{FAE04EC0-301F-11D3-BF4B-00C04F79EFBC}") = "Windows - Gearset", "Gearset\Windows - Gearset.csproj", "{972591D9-EC31-44F2-B860-A060F4A7D9C5}"
EndProject
Project("{FAE04EC0-301F-11D3-BF4B-00C04F79EFBC}") = "ProfilerTestGame", "ProfilerTestGame\ProfilerTestGame\ProfilerTestGame.csproj", "{441F16E5-1F11-4065-9D6B-446F1C17CF70}"
EndProject
Project("{FAE04EC0-301F-11D3-BF4B-00C04F79EFBC}") = "ProfilerTestGameContent", "ProfilerTestGame\ProfilerTestGameContent\ProfilerTestGameContent.contentproj", "{DF3B557D-0CEF-4785-9420-4684E078555C}"
EndProject
Project("{FAE04EC0-301F-11D3-BF4B-00C04F79EFBC}") = "Xbox 360 Gearset", "Gearset\Xbox 360 Gearset.csproj", "{E6C768A5-35ED-4D51-93BC-888905521EA0}"
EndProject
Global
	GlobalSection(SolutionConfigurationPlatforms) = preSolution
		Debug|Any CPU = Debug|Any CPU
		Debug|Mixed Platforms = Debug|Mixed Platforms
		Debug|Windows Phone = Debug|Windows Phone
		Debug|x86 = Debug|x86
		Debug|Xbox 360 = Debug|Xbox 360
		FastDeployGame|Any CPU = FastDeployGame|Any CPU
		FastDeployGame|Mixed Platforms = FastDeployGame|Mixed Platforms
		FastDeployGame|Windows Phone = FastDeployGame|Windows Phone
		FastDeployGame|x86 = FastDeployGame|x86
		FastDeployGame|Xbox 360 = FastDeployGame|Xbox 360
		MinimalLoad|Any CPU = MinimalLoad|Any CPU
		MinimalLoad|Mixed Platforms = MinimalLoad|Mixed Platforms
		MinimalLoad|Windows Phone = MinimalLoad|Windows Phone
		MinimalLoad|x86 = MinimalLoad|x86
		MinimalLoad|Xbox 360 = MinimalLoad|Xbox 360
		Release|Any CPU = Release|Any CPU
		Release|Mixed Platforms = Release|Mixed Platforms
		Release|Windows Phone = Release|Windows Phone
		Release|x86 = Release|x86
		Release|Xbox 360 = Release|Xbox 360
	EndGlobalSection
	GlobalSection(ProjectConfigurationPlatforms) = postSolution
		{972591D9-EC31-44F2-B860-A060F4A7D9C5}.Debug|Any CPU.ActiveCfg = Debug|x86
		{972591D9-EC31-44F2-B860-A060F4A7D9C5}.Debug|Mixed Platforms.ActiveCfg = Debug|x86
		{972591D9-EC31-44F2-B860-A060F4A7D9C5}.Debug|Mixed Platforms.Build.0 = Debug|x86
		{972591D9-EC31-44F2-B860-A060F4A7D9C5}.Debug|Windows Phone.ActiveCfg = Debug|x86
		{972591D9-EC31-44F2-B860-A060F4A7D9C5}.Debug|Windows Phone.Build.0 = Debug|x86
		{972591D9-EC31-44F2-B860-A060F4A7D9C5}.Debug|x86.ActiveCfg = Debug|x86
		{972591D9-EC31-44F2-B860-A060F4A7D9C5}.Debug|x86.Build.0 = Debug|x86
		{972591D9-EC31-44F2-B860-A060F4A7D9C5}.Debug|Xbox 360.ActiveCfg = Debug|x86
		{972591D9-EC31-44F2-B860-A060F4A7D9C5}.Debug|Xbox 360.Build.0 = Debug|x86
		{972591D9-EC31-44F2-B860-A060F4A7D9C5}.FastDeployGame|Any CPU.ActiveCfg = FastDeployGame|x86
		{972591D9-EC31-44F2-B860-A060F4A7D9C5}.FastDeployGame|Mixed Platforms.ActiveCfg = FastDeployGame|x86
		{972591D9-EC31-44F2-B860-A060F4A7D9C5}.FastDeployGame|Mixed Platforms.Build.0 = FastDeployGame|x86
		{972591D9-EC31-44F2-B860-A060F4A7D9C5}.FastDeployGame|Windows Phone.ActiveCfg = FastDeployGame|x86
		{972591D9-EC31-44F2-B860-A060F4A7D9C5}.FastDeployGame|Windows Phone.Build.0 = FastDeployGame|x86
		{972591D9-EC31-44F2-B860-A060F4A7D9C5}.FastDeployGame|x86.ActiveCfg = FastDeployGame|x86
		{972591D9-EC31-44F2-B860-A060F4A7D9C5}.FastDeployGame|x86.Build.0 = FastDeployGame|x86
		{972591D9-EC31-44F2-B860-A060F4A7D9C5}.FastDeployGame|Xbox 360.ActiveCfg = FastDeployGame|x86
		{972591D9-EC31-44F2-B860-A060F4A7D9C5}.FastDeployGame|Xbox 360.Build.0 = FastDeployGame|x86
		{972591D9-EC31-44F2-B860-A060F4A7D9C5}.MinimalLoad|Any CPU.ActiveCfg = FastDeployGame|x86
		{972591D9-EC31-44F2-B860-A060F4A7D9C5}.MinimalLoad|Mixed Platforms.ActiveCfg = FastDeployGame|x86
		{972591D9-EC31-44F2-B860-A060F4A7D9C5}.MinimalLoad|Mixed Platforms.Build.0 = FastDeployGame|x86
		{972591D9-EC31-44F2-B860-A060F4A7D9C5}.MinimalLoad|Windows Phone.ActiveCfg = FastDeployGame|x86
		{972591D9-EC31-44F2-B860-A060F4A7D9C5}.MinimalLoad|Windows Phone.Build.0 = FastDeployGame|x86
		{972591D9-EC31-44F2-B860-A060F4A7D9C5}.MinimalLoad|x86.ActiveCfg = FastDeployGame|x86
		{972591D9-EC31-44F2-B860-A060F4A7D9C5}.MinimalLoad|x86.Build.0 = FastDeployGame|x86
		{972591D9-EC31-44F2-B860-A060F4A7D9C5}.MinimalLoad|Xbox 360.ActiveCfg = FastDeployGame|x86
		{972591D9-EC31-44F2-B860-A060F4A7D9C5}.MinimalLoad|Xbox 360.Build.0 = FastDeployGame|x86
		{972591D9-EC31-44F2-B860-A060F4A7D9C5}.Release|Any CPU.ActiveCfg = Release|x86
		{972591D9-EC31-44F2-B860-A060F4A7D9C5}.Release|Mixed Platforms.ActiveCfg = Release|x86
		{972591D9-EC31-44F2-B860-A060F4A7D9C5}.Release|Mixed Platforms.Build.0 = Release|x86
		{972591D9-EC31-44F2-B860-A060F4A7D9C5}.Release|Windows Phone.ActiveCfg = Release|x86
		{972591D9-EC31-44F2-B860-A060F4A7D9C5}.Release|Windows Phone.Build.0 = Release|x86
		{972591D9-EC31-44F2-B860-A060F4A7D9C5}.Release|x86.ActiveCfg = Release|x86
		{972591D9-EC31-44F2-B860-A060F4A7D9C5}.Release|x86.Build.0 = Release|x86
		{972591D9-EC31-44F2-B860-A060F4A7D9C5}.Release|Xbox 360.ActiveCfg = Release|x86
		{972591D9-EC31-44F2-B860-A060F4A7D9C5}.Release|Xbox 360.Build.0 = Release|x86
		{441F16E5-1F11-4065-9D6B-446F1C17CF70}.Debug|Any CPU.ActiveCfg = Debug|x86
		{441F16E5-1F11-4065-9D6B-446F1C17CF70}.Debug|Mixed Platforms.ActiveCfg = Debug|x86
		{441F16E5-1F11-4065-9D6B-446F1C17CF70}.Debug|Mixed Platforms.Build.0 = Debug|x86
		{441F16E5-1F11-4065-9D6B-446F1C17CF70}.Debug|Windows Phone.ActiveCfg = Debug|x86
		{441F16E5-1F11-4065-9D6B-446F1C17CF70}.Debug|x86.ActiveCfg = Debug|x86
		{441F16E5-1F11-4065-9D6B-446F1C17CF70}.Debug|x86.Build.0 = Debug|x86
		{441F16E5-1F11-4065-9D6B-446F1C17CF70}.Debug|Xbox 360.ActiveCfg = Debug|x86
		{441F16E5-1F11-4065-9D6B-446F1C17CF70}.Debug|Xbox 360.Build.0 = Debug|x86
		{441F16E5-1F11-4065-9D6B-446F1C17CF70}.FastDeployGame|Any CPU.ActiveCfg = Release|x86
		{441F16E5-1F11-4065-9D6B-446F1C17CF70}.FastDeployGame|Mixed Platforms.ActiveCfg = Release|x86
		{441F16E5-1F11-4065-9D6B-446F1C17CF70}.FastDeployGame|Mixed Platforms.Build.0 = Release|x86
		{441F16E5-1F11-4065-9D6B-446F1C17CF70}.FastDeployGame|Windows Phone.ActiveCfg = Release|x86
		{441F16E5-1F11-4065-9D6B-446F1C17CF70}.FastDeployGame|x86.ActiveCfg = Release|x86
		{441F16E5-1F11-4065-9D6B-446F1C17CF70}.FastDeployGame|x86.Build.0 = Release|x86
		{441F16E5-1F11-4065-9D6B-446F1C17CF70}.FastDeployGame|Xbox 360.ActiveCfg = Release|x86
		{441F16E5-1F11-4065-9D6B-446F1C17CF70}.FastDeployGame|Xbox 360.Build.0 = Release|x86
		{441F16E5-1F11-4065-9D6B-446F1C17CF70}.MinimalLoad|Any CPU.ActiveCfg = Release|x86
		{441F16E5-1F11-4065-9D6B-446F1C17CF70}.MinimalLoad|Mixed Platforms.ActiveCfg = Release|x86
		{441F16E5-1F11-4065-9D6B-446F1C17CF70}.MinimalLoad|Mixed Platforms.Build.0 = Release|x86
		{441F16E5-1F11-4065-9D6B-446F1C17CF70}.MinimalLoad|Windows Phone.ActiveCfg = Release|x86
		{441F16E5-1F11-4065-9D6B-446F1C17CF70}.MinimalLoad|x86.ActiveCfg = Release|x86
		{441F16E5-1F11-4065-9D6B-446F1C17CF70}.MinimalLoad|x86.Build.0 = Release|x86
		{441F16E5-1F11-4065-9D6B-446F1C17CF70}.MinimalLoad|Xbox 360.ActiveCfg = Release|x86
		{441F16E5-1F11-4065-9D6B-446F1C17CF70}.MinimalLoad|Xbox 360.Build.0 = Release|x86
		{441F16E5-1F11-4065-9D6B-446F1C17CF70}.Release|Any CPU.ActiveCfg = Release|x86
		{441F16E5-1F11-4065-9D6B-446F1C17CF70}.Release|Mixed Platforms.ActiveCfg = Release|x86
		{441F16E5-1F11-4065-9D6B-446F1C17CF70}.Release|Mixed Platforms.Build.0 = Release|x86
		{441F16E5-1F11-4065-9D6B-446F1C17CF70}.Release|Windows Phone.ActiveCfg = Release|x86
		{441F16E5-1F11-4065-9D6B-446F1C17CF70}.Release|x86.ActiveCfg = Release|x86
		{441F16E5-1F11-4065-9D6B-446F1C17CF70}.Release|x86.Build.0 = Release|x86
		{441F16E5-1F11-4065-9D6B-446F1C17CF70}.Release|Xbox 360.ActiveCfg = Release|x86
		{441F16E5-1F11-4065-9D6B-446F1C17CF70}.Release|Xbox 360.Build.0 = Release|x86
		{DF3B557D-0CEF-4785-9420-4684E078555C}.Debug|Any CPU.ActiveCfg = Debug|x86
		{DF3B557D-0CEF-4785-9420-4684E078555C}.Debug|Mixed Platforms.ActiveCfg = Debug|x86
		{DF3B557D-0CEF-4785-9420-4684E078555C}.Debug|Windows Phone.ActiveCfg = Debug|x86
		{DF3B557D-0CEF-4785-9420-4684E078555C}.Debug|x86.ActiveCfg = Debug|x86
		{DF3B557D-0CEF-4785-9420-4684E078555C}.Debug|Xbox 360.ActiveCfg = Debug|x86
		{DF3B557D-0CEF-4785-9420-4684E078555C}.FastDeployGame|Any CPU.ActiveCfg = Release|x86
		{DF3B557D-0CEF-4785-9420-4684E078555C}.FastDeployGame|Mixed Platforms.ActiveCfg = Release|x86
		{DF3B557D-0CEF-4785-9420-4684E078555C}.FastDeployGame|Windows Phone.ActiveCfg = Release|x86
		{DF3B557D-0CEF-4785-9420-4684E078555C}.FastDeployGame|x86.ActiveCfg = Release|x86
		{DF3B557D-0CEF-4785-9420-4684E078555C}.FastDeployGame|Xbox 360.ActiveCfg = Release|x86
		{DF3B557D-0CEF-4785-9420-4684E078555C}.MinimalLoad|Any CPU.ActiveCfg = Release|x86
		{DF3B557D-0CEF-4785-9420-4684E078555C}.MinimalLoad|Mixed Platforms.ActiveCfg = Release|x86
		{DF3B557D-0CEF-4785-9420-4684E078555C}.MinimalLoad|Windows Phone.ActiveCfg = Release|x86
		{DF3B557D-0CEF-4785-9420-4684E078555C}.MinimalLoad|x86.ActiveCfg = Release|x86
		{DF3B557D-0CEF-4785-9420-4684E078555C}.MinimalLoad|Xbox 360.ActiveCfg = Release|x86
		{DF3B557D-0CEF-4785-9420-4684E078555C}.Release|Any CPU.ActiveCfg = Release|x86
		{DF3B557D-0CEF-4785-9420-4684E078555C}.Release|Mixed Platforms.ActiveCfg = Release|x86
		{DF3B557D-0CEF-4785-9420-4684E078555C}.Release|Windows Phone.ActiveCfg = Release|x86
		{DF3B557D-0CEF-4785-9420-4684E078555C}.Release|x86.ActiveCfg = Release|x86
		{DF3B557D-0CEF-4785-9420-4684E078555C}.Release|Xbox 360.ActiveCfg = Release|x86
		{E6C768A5-35ED-4D51-93BC-888905521EA0}.Debug|Any CPU.ActiveCfg = Debug|Xbox 360
		{E6C768A5-35ED-4D51-93BC-888905521EA0}.Debug|Mixed Platforms.ActiveCfg = Debug|Xbox 360
		{E6C768A5-35ED-4D51-93BC-888905521EA0}.Debug|Windows Phone.ActiveCfg = Debug|Xbox 360
		{E6C768A5-35ED-4D51-93BC-888905521EA0}.Debug|x86.ActiveCfg = Debug|Xbox 360
		{E6C768A5-35ED-4D51-93BC-888905521EA0}.Debug|Xbox 360.ActiveCfg = Debug|Xbox 360
		{E6C768A5-35ED-4D51-93BC-888905521EA0}.Debug|Xbox 360.Build.0 = Debug|Xbox 360
		{E6C768A5-35ED-4D51-93BC-888905521EA0}.FastDeployGame|Any CPU.ActiveCfg = Debug|Xbox 360
		{E6C768A5-35ED-4D51-93BC-888905521EA0}.FastDeployGame|Mixed Platforms.ActiveCfg = Debug|Xbox 360
		{E6C768A5-35ED-4D51-93BC-888905521EA0}.FastDeployGame|Mixed Platforms.Build.0 = Debug|Xbox 360
		{E6C768A5-35ED-4D51-93BC-888905521EA0}.FastDeployGame|Windows Phone.ActiveCfg = Debug|Xbox 360
		{E6C768A5-35ED-4D51-93BC-888905521EA0}.FastDeployGame|x86.ActiveCfg = Debug|Xbox 360
		{E6C768A5-35ED-4D51-93BC-888905521EA0}.FastDeployGame|Xbox 360.ActiveCfg = Debug|Xbox 360
		{E6C768A5-35ED-4D51-93BC-888905521EA0}.FastDeployGame|Xbox 360.Build.0 = Debug|Xbox 360
		{E6C768A5-35ED-4D51-93BC-888905521EA0}.MinimalLoad|Any CPU.ActiveCfg = Debug|Xbox 360
		{E6C768A5-35ED-4D51-93BC-888905521EA0}.MinimalLoad|Mixed Platforms.ActiveCfg = Debug|Xbox 360
		{E6C768A5-35ED-4D51-93BC-888905521EA0}.MinimalLoad|Mixed Platforms.Build.0 = Debug|Xbox 360
		{E6C768A5-35ED-4D51-93BC-888905521EA0}.MinimalLoad|Windows Phone.ActiveCfg = Debug|Xbox 360
		{E6C768A5-35ED-4D51-93BC-888905521EA0}.MinimalLoad|x86.ActiveCfg = Debug|Xbox 360
		{E6C768A5-35ED-4D51-93BC-888905521EA0}.MinimalLoad|Xbox 360.ActiveCfg = Debug|Xbox 360
		{E6C768A5-35ED-4D51-93BC-888905521EA0}.MinimalLoad|Xbox 360.Build.0 = Debug|Xbox 360
		{E6C768A5-35ED-4D51-93BC-888905521EA0}.Release|Any CPU.ActiveCfg = Release|Xbox 360
		{E6C768A5-35ED-4D51-93BC-888905521EA0}.Release|Mixed Platforms.ActiveCfg = Release|Xbox 360
		{E6C768A5-35ED-4D51-93BC-888905521EA0}.Release|Mixed Platforms.Build.0 = Release|Xbox 360
		{E6C768A5-35ED-4D51-93BC-888905521EA0}.Release|Windows Phone.ActiveCfg = Release|Xbox 360
		{E6C768A5-35ED-4D51-93BC-888905521EA0}.Release|x86.ActiveCfg = Release|Xbox 360
		{E6C768A5-35ED-4D51-93BC-888905521EA0}.Release|Xbox 360.ActiveCfg = Release|Xbox 360
		{E6C768A5-35ED-4D51-93BC-888905521EA0}.Release|Xbox 360.Build.0 = Release|Xbox 360
	EndGlobalSection
	GlobalSection(SolutionProperties) = preSolution
		HideSolutionNode = FALSE
	EndGlobalSection
EndGlobal
