
Microsoft Visual Studio Solution File, Format Version 11.00
# Visual Studio 2010
Project("{FAE04EC0-301F-11D3-BF4B-00C04F79EFBC}") = "DebugContent", "DebugContent\DebugContent.csproj", "{46C3D759-46AA-4221-A0D5-3F7460F079EB}"
EndProject
Project("{FAE04EC0-301F-11D3-BF4B-00C04F79EFBC}") = "DebugContentContent", "DebugContent\Content\DebugContentContent.contentproj", "{28062DC4-26A4-4E6D-988A-E7AF8F870FBF}"
EndProject
Project("{FAE04EC0-301F-11D3-BF4B-00C04F79EFBC}") = "Windows - Xdtk", "DebugConsole\Windows - Xdtk.csproj", "{972591D9-EC31-44F2-B860-A060F4A7D9C5}"
EndProject
Project("{FAE04EC0-301F-11D3-BF4B-00C04F79EFBC}") = "Windows Phone Copy of DebugContent", "DebugContent\Windows Phone Copy of DebugContent.csproj", "{24422FA2-06FE-4A7D-8277-04AC6905ED99}"
EndProject
Global
	GlobalSection(SolutionConfigurationPlatforms) = preSolution
		Debug|Mixed Platforms = Debug|Mixed Platforms
		Debug|Windows Phone = Debug|Windows Phone
		Debug|x86 = Debug|x86
		Debug|Xbox 360 = Debug|Xbox 360
		Release|Mixed Platforms = Release|Mixed Platforms
		Release|Windows Phone = Release|Windows Phone
		Release|x86 = Release|x86
		Release|Xbox 360 = Release|Xbox 360
	EndGlobalSection
	GlobalSection(ProjectConfigurationPlatforms) = postSolution
		{46C3D759-46AA-4221-A0D5-3F7460F079EB}.Debug|Mixed Platforms.ActiveCfg = Debug|x86
		{46C3D759-46AA-4221-A0D5-3F7460F079EB}.Debug|Mixed Platforms.Build.0 = Debug|x86
		{46C3D759-46AA-4221-A0D5-3F7460F079EB}.Debug|Windows Phone.ActiveCfg = Debug|x86
		{46C3D759-46AA-4221-A0D5-3F7460F079EB}.Debug|x86.ActiveCfg = Debug|x86
		{46C3D759-46AA-4221-A0D5-3F7460F079EB}.Debug|x86.Build.0 = Debug|x86
		{46C3D759-46AA-4221-A0D5-3F7460F079EB}.Debug|Xbox 360.ActiveCfg = Debug|x86
		{46C3D759-46AA-4221-A0D5-3F7460F079EB}.Release|Mixed Platforms.ActiveCfg = Release|x86
		{46C3D759-46AA-4221-A0D5-3F7460F079EB}.Release|Mixed Platforms.Build.0 = Release|x86
		{46C3D759-46AA-4221-A0D5-3F7460F079EB}.Release|Windows Phone.ActiveCfg = Release|x86
		{46C3D759-46AA-4221-A0D5-3F7460F079EB}.Release|x86.ActiveCfg = Release|x86
		{46C3D759-46AA-4221-A0D5-3F7460F079EB}.Release|x86.Build.0 = Release|x86
		{46C3D759-46AA-4221-A0D5-3F7460F079EB}.Release|Xbox 360.ActiveCfg = Release|x86
		{28062DC4-26A4-4E6D-988A-E7AF8F870FBF}.Debug|Mixed Platforms.ActiveCfg = Debug|x86
		{28062DC4-26A4-4E6D-988A-E7AF8F870FBF}.Debug|Windows Phone.ActiveCfg = Debug|x86
		{28062DC4-26A4-4E6D-988A-E7AF8F870FBF}.Debug|x86.ActiveCfg = Debug|x86
		{28062DC4-26A4-4E6D-988A-E7AF8F870FBF}.Debug|Xbox 360.ActiveCfg = Debug|x86
		{28062DC4-26A4-4E6D-988A-E7AF8F870FBF}.Release|Mixed Platforms.ActiveCfg = Release|x86
		{28062DC4-26A4-4E6D-988A-E7AF8F870FBF}.Release|Windows Phone.ActiveCfg = Release|x86
		{28062DC4-26A4-4E6D-988A-E7AF8F870FBF}.Release|x86.ActiveCfg = Release|x86
		{28062DC4-26A4-4E6D-988A-E7AF8F870FBF}.Release|Xbox 360.ActiveCfg = Release|x86
		{972591D9-EC31-44F2-B860-A060F4A7D9C5}.Debug|Mixed Platforms.ActiveCfg = Debug|x86
		{972591D9-EC31-44F2-B860-A060F4A7D9C5}.Debug|Mixed Platforms.Build.0 = Debug|x86
		{972591D9-EC31-44F2-B860-A060F4A7D9C5}.Debug|Windows Phone.ActiveCfg = Debug|x86
		{972591D9-EC31-44F2-B860-A060F4A7D9C5}.Debug|x86.ActiveCfg = Debug|x86
		{972591D9-EC31-44F2-B860-A060F4A7D9C5}.Debug|x86.Build.0 = Debug|x86
		{972591D9-EC31-44F2-B860-A060F4A7D9C5}.Debug|Xbox 360.ActiveCfg = Debug|x86
		{972591D9-EC31-44F2-B860-A060F4A7D9C5}.Release|Mixed Platforms.ActiveCfg = Release|x86
		{972591D9-EC31-44F2-B860-A060F4A7D9C5}.Release|Mixed Platforms.Build.0 = Release|x86
		{972591D9-EC31-44F2-B860-A060F4A7D9C5}.Release|Windows Phone.ActiveCfg = Release|x86
		{972591D9-EC31-44F2-B860-A060F4A7D9C5}.Release|x86.ActiveCfg = Release|x86
		{972591D9-EC31-44F2-B860-A060F4A7D9C5}.Release|x86.Build.0 = Release|x86
		{972591D9-EC31-44F2-B860-A060F4A7D9C5}.Release|Xbox 360.ActiveCfg = Release|x86
		{24422FA2-06FE-4A7D-8277-04AC6905ED99}.Debug|Mixed Platforms.ActiveCfg = Debug|Windows Phone
		{24422FA2-06FE-4A7D-8277-04AC6905ED99}.Debug|Mixed Platforms.Build.0 = Debug|Windows Phone
		{24422FA2-06FE-4A7D-8277-04AC6905ED99}.Debug|Windows Phone.ActiveCfg = Debug|Windows Phone
		{24422FA2-06FE-4A7D-8277-04AC6905ED99}.Debug|Windows Phone.Build.0 = Debug|Windows Phone
		{24422FA2-06FE-4A7D-8277-04AC6905ED99}.Debug|x86.ActiveCfg = Debug|Windows Phone
		{24422FA2-06FE-4A7D-8277-04AC6905ED99}.Debug|Xbox 360.ActiveCfg = Debug|Windows Phone
		{24422FA2-06FE-4A7D-8277-04AC6905ED99}.Release|Mixed Platforms.ActiveCfg = Release|Windows Phone
		{24422FA2-06FE-4A7D-8277-04AC6905ED99}.Release|Mixed Platforms.Build.0 = Release|Windows Phone
		{24422FA2-06FE-4A7D-8277-04AC6905ED99}.Release|Windows Phone.ActiveCfg = Release|Windows Phone
		{24422FA2-06FE-4A7D-8277-04AC6905ED99}.Release|Windows Phone.Build.0 = Release|Windows Phone
		{24422FA2-06FE-4A7D-8277-04AC6905ED99}.Release|x86.ActiveCfg = Release|Windows Phone
		{24422FA2-06FE-4A7D-8277-04AC6905ED99}.Release|Xbox 360.ActiveCfg = Release|Windows Phone
	EndGlobalSection
	GlobalSection(SolutionProperties) = preSolution
		HideSolutionNode = FALSE
	EndGlobalSection
EndGlobal
