
Microsoft Visual Studio Solution File, Format Version 11.00
# Visual Studio 2010
Project("{FAE04EC0-301F-11D3-BF4B-00C04F79EFBC}") = "Content - GearsetTest", "GearsetTest\GearsetTestContent\Content - GearsetTest.contentproj", "{8A0C7076-5B6F-493D-ADF4-A5BEAB88939E}"
EndProject
Project("{FAE04EC0-301F-11D3-BF4B-00C04F79EFBC}") = "GearsetTest", "GearsetTest\GearsetTest\GearsetTest.csproj", "{12D7EA71-78F4-4CD9-8689-C0A39C8E4ABD}"
EndProject
Project("{FAE04EC0-301F-11D3-BF4B-00C04F79EFBC}") = "LicenseManager", "LicenseManager\LicenseManager.csproj", "{0FEE8658-3E13-47DC-8A34-4E173124E75C}"
EndProject
Project("{FAE04EC0-301F-11D3-BF4B-00C04F79EFBC}") = "ReleaseTest", "ReleaseTest\ReleaseTest\ReleaseTest.csproj", "{49537E73-DC67-4D39-881A-358CD1852C77}"
EndProject
Project("{FAE04EC0-301F-11D3-BF4B-00C04F79EFBC}") = "Content - ReleaseTest", "ReleaseTest\ReleaseTestContent\Content - ReleaseTest.contentproj", "{320E51BB-6023-4C3F-B7C6-E9500FE1880C}"
EndProject
Project("{FAE04EC0-301F-11D3-BF4B-00C04F79EFBC}") = "Windows - Dronengine", "..\Dronengine\Dronengine\Windows - Dronengine.csproj", "{2D2DD0C9-9323-4598-84FC-552EB3557593}"
EndProject
Project("{FAE04EC0-301F-11D3-BF4B-00C04F79EFBC}") = "Pipeline - Dronengine Extensions", "..\Dronengine\Pipeline - Dronengine Extensions\Pipeline - Dronengine Extensions.csproj", "{B824F58F-C9C5-42F8-9644-3D217FFEB44A}"
EndProject
Project("{FAE04EC0-301F-11D3-BF4B-00C04F79EFBC}") = "Pipeline - Dronengine Shared Types", "..\Dronengine\Pipeline - SharedTypes\Pipeline - Dronengine Shared Types.csproj", "{529C0D59-0B7E-4DF6-8114-5D0003EB6129}"
EndProject
Project("{FAE04EC0-301F-11D3-BF4B-00C04F79EFBC}") = "Pipeline - Dronengine Extensions Data", "..\Dronengine\Pipeline - Dronengine Extensions Data\Pipeline - Dronengine Extensions Data.csproj", "{8E725EE0-7688-486B-B619-BFA58F0429CA}"
EndProject
Project("{FAE04EC0-301F-11D3-BF4B-00C04F79EFBC}") = "Pipeline - Dronengine Shared Types Data", "..\Dronengine\Pipeline - SharedTypes Data\Pipeline - Dronengine Shared Types Data.csproj", "{7BA1EB66-835C-4BB9-83CD-C80F72326FBF}"
EndProject
Project("{FAE04EC0-301F-11D3-BF4B-00C04F79EFBC}") = "Pipeline - SharedTypesContent", "..\Dronengine\Pipeline - SharedTypesContent\Pipeline - SharedTypesContent.csproj", "{A8145751-5CF8-4282-93BA-2364AD673E23}"
EndProject
Project("{FAE04EC0-301F-11D3-BF4B-00C04F79EFBC}") = "Windows - AnimationComponent", "..\Dronengine\AnimationComponents Runtime\Windows - AnimationComponent.csproj", "{34D559DC-2A8F-44D7-84D0-463705BF5B2B}"
EndProject
Project("{FAE04EC0-301F-11D3-BF4B-00C04F79EFBC}") = "Windows - Gearset", "Gearset\Windows - Gearset.csproj", "{972591D9-EC31-44F2-B860-A060F4A7D9C5}"
EndProject
Global
	GlobalSection(SolutionConfigurationPlatforms) = preSolution
		Debug|Any CPU = Debug|Any CPU
		Debug|Mixed Platforms = Debug|Mixed Platforms
		Debug|Windows Phone = Debug|Windows Phone
		Debug|x86 = Debug|x86
		Debug|Xbox 360 = Debug|Xbox 360
		FastDeployGame|Any CPU = FastDeployGame|Any CPU
		FastDeployGame|Mixed Platforms = FastDeployGame|Mixed Platforms
		FastDeployGame|Windows Phone = FastDeployGame|Windows Phone
		FastDeployGame|x86 = FastDeployGame|x86
		FastDeployGame|Xbox 360 = FastDeployGame|Xbox 360
		MinimalLoad|Any CPU = MinimalLoad|Any CPU
		MinimalLoad|Mixed Platforms = MinimalLoad|Mixed Platforms
		MinimalLoad|Windows Phone = MinimalLoad|Windows Phone
		MinimalLoad|x86 = MinimalLoad|x86
		MinimalLoad|Xbox 360 = MinimalLoad|Xbox 360
		Release|Any CPU = Release|Any CPU
		Release|Mixed Platforms = Release|Mixed Platforms
		Release|Windows Phone = Release|Windows Phone
		Release|x86 = Release|x86
		Release|Xbox 360 = Release|Xbox 360
	EndGlobalSection
	GlobalSection(ProjectConfigurationPlatforms) = postSolution
		{8A0C7076-5B6F-493D-ADF4-A5BEAB88939E}.Debug|Any CPU.ActiveCfg = Debug|x86
		{8A0C7076-5B6F-493D-ADF4-A5BEAB88939E}.Debug|Mixed Platforms.ActiveCfg = Debug|x86
		{8A0C7076-5B6F-493D-ADF4-A5BEAB88939E}.Debug|Windows Phone.ActiveCfg = Debug|x86
		{8A0C7076-5B6F-493D-ADF4-A5BEAB88939E}.Debug|x86.ActiveCfg = Debug|x86
		{8A0C7076-5B6F-493D-ADF4-A5BEAB88939E}.Debug|Xbox 360.ActiveCfg = Debug|x86
		{8A0C7076-5B6F-493D-ADF4-A5BEAB88939E}.FastDeployGame|Any CPU.ActiveCfg = Release|x86
		{8A0C7076-5B6F-493D-ADF4-A5BEAB88939E}.FastDeployGame|Mixed Platforms.ActiveCfg = Release|x86
		{8A0C7076-5B6F-493D-ADF4-A5BEAB88939E}.FastDeployGame|Windows Phone.ActiveCfg = Release|x86
		{8A0C7076-5B6F-493D-ADF4-A5BEAB88939E}.FastDeployGame|x86.ActiveCfg = Release|x86
		{8A0C7076-5B6F-493D-ADF4-A5BEAB88939E}.FastDeployGame|Xbox 360.ActiveCfg = Release|x86
		{8A0C7076-5B6F-493D-ADF4-A5BEAB88939E}.MinimalLoad|Any CPU.ActiveCfg = Release|x86
		{8A0C7076-5B6F-493D-ADF4-A5BEAB88939E}.MinimalLoad|Mixed Platforms.ActiveCfg = Release|x86
		{8A0C7076-5B6F-493D-ADF4-A5BEAB88939E}.MinimalLoad|Windows Phone.ActiveCfg = Release|x86
		{8A0C7076-5B6F-493D-ADF4-A5BEAB88939E}.MinimalLoad|x86.ActiveCfg = Release|x86
		{8A0C7076-5B6F-493D-ADF4-A5BEAB88939E}.MinimalLoad|Xbox 360.ActiveCfg = Release|x86
		{8A0C7076-5B6F-493D-ADF4-A5BEAB88939E}.Release|Any CPU.ActiveCfg = Release|x86
		{8A0C7076-5B6F-493D-ADF4-A5BEAB88939E}.Release|Mixed Platforms.ActiveCfg = Release|x86
		{8A0C7076-5B6F-493D-ADF4-A5BEAB88939E}.Release|Windows Phone.ActiveCfg = Release|x86
		{8A0C7076-5B6F-493D-ADF4-A5BEAB88939E}.Release|x86.ActiveCfg = Release|x86
		{8A0C7076-5B6F-493D-ADF4-A5BEAB88939E}.Release|Xbox 360.ActiveCfg = Release|x86
		{12D7EA71-78F4-4CD9-8689-C0A39C8E4ABD}.Debug|Any CPU.ActiveCfg = Debug|x86
		{12D7EA71-78F4-4CD9-8689-C0A39C8E4ABD}.Debug|Mixed Platforms.ActiveCfg = Debug|x86
		{12D7EA71-78F4-4CD9-8689-C0A39C8E4ABD}.Debug|Mixed Platforms.Build.0 = Debug|x86
		{12D7EA71-78F4-4CD9-8689-C0A39C8E4ABD}.Debug|Windows Phone.ActiveCfg = Debug|x86
		{12D7EA71-78F4-4CD9-8689-C0A39C8E4ABD}.Debug|Windows Phone.Build.0 = Debug|x86
		{12D7EA71-78F4-4CD9-8689-C0A39C8E4ABD}.Debug|x86.ActiveCfg = Debug|x86
		{12D7EA71-78F4-4CD9-8689-C0A39C8E4ABD}.Debug|x86.Build.0 = Debug|x86
		{12D7EA71-78F4-4CD9-8689-C0A39C8E4ABD}.Debug|Xbox 360.ActiveCfg = Debug|x86
		{12D7EA71-78F4-4CD9-8689-C0A39C8E4ABD}.Debug|Xbox 360.Build.0 = Debug|x86
		{12D7EA71-78F4-4CD9-8689-C0A39C8E4ABD}.FastDeployGame|Any CPU.ActiveCfg = Release|x86
		{12D7EA71-78F4-4CD9-8689-C0A39C8E4ABD}.FastDeployGame|Mixed Platforms.ActiveCfg = Release|x86
		{12D7EA71-78F4-4CD9-8689-C0A39C8E4ABD}.FastDeployGame|Mixed Platforms.Build.0 = Release|x86
		{12D7EA71-78F4-4CD9-8689-C0A39C8E4ABD}.FastDeployGame|Windows Phone.ActiveCfg = Release|x86
		{12D7EA71-78F4-4CD9-8689-C0A39C8E4ABD}.FastDeployGame|Windows Phone.Build.0 = Release|x86
		{12D7EA71-78F4-4CD9-8689-C0A39C8E4ABD}.FastDeployGame|x86.ActiveCfg = Release|x86
		{12D7EA71-78F4-4CD9-8689-C0A39C8E4ABD}.FastDeployGame|x86.Build.0 = Release|x86
		{12D7EA71-78F4-4CD9-8689-C0A39C8E4ABD}.FastDeployGame|Xbox 360.ActiveCfg = Release|x86
		{12D7EA71-78F4-4CD9-8689-C0A39C8E4ABD}.FastDeployGame|Xbox 360.Build.0 = Release|x86
		{12D7EA71-78F4-4CD9-8689-C0A39C8E4ABD}.MinimalLoad|Any CPU.ActiveCfg = Release|x86
		{12D7EA71-78F4-4CD9-8689-C0A39C8E4ABD}.MinimalLoad|Mixed Platforms.ActiveCfg = Release|x86
		{12D7EA71-78F4-4CD9-8689-C0A39C8E4ABD}.MinimalLoad|Mixed Platforms.Build.0 = Release|x86
		{12D7EA71-78F4-4CD9-8689-C0A39C8E4ABD}.MinimalLoad|Windows Phone.ActiveCfg = Release|x86
		{12D7EA71-78F4-4CD9-8689-C0A39C8E4ABD}.MinimalLoad|Windows Phone.Build.0 = Release|x86
		{12D7EA71-78F4-4CD9-8689-C0A39C8E4ABD}.MinimalLoad|x86.ActiveCfg = Release|x86
		{12D7EA71-78F4-4CD9-8689-C0A39C8E4ABD}.MinimalLoad|x86.Build.0 = Release|x86
		{12D7EA71-78F4-4CD9-8689-C0A39C8E4ABD}.MinimalLoad|Xbox 360.ActiveCfg = Release|x86
		{12D7EA71-78F4-4CD9-8689-C0A39C8E4ABD}.MinimalLoad|Xbox 360.Build.0 = Release|x86
		{12D7EA71-78F4-4CD9-8689-C0A39C8E4ABD}.Release|Any CPU.ActiveCfg = Release|x86
		{12D7EA71-78F4-4CD9-8689-C0A39C8E4ABD}.Release|Mixed Platforms.ActiveCfg = Release|x86
		{12D7EA71-78F4-4CD9-8689-C0A39C8E4ABD}.Release|Mixed Platforms.Build.0 = Release|x86
		{12D7EA71-78F4-4CD9-8689-C0A39C8E4ABD}.Release|Windows Phone.ActiveCfg = Release|x86
		{12D7EA71-78F4-4CD9-8689-C0A39C8E4ABD}.Release|Windows Phone.Build.0 = Release|x86
		{12D7EA71-78F4-4CD9-8689-C0A39C8E4ABD}.Release|x86.ActiveCfg = Release|x86
		{12D7EA71-78F4-4CD9-8689-C0A39C8E4ABD}.Release|x86.Build.0 = Release|x86
		{12D7EA71-78F4-4CD9-8689-C0A39C8E4ABD}.Release|Xbox 360.ActiveCfg = Release|x86
		{12D7EA71-78F4-4CD9-8689-C0A39C8E4ABD}.Release|Xbox 360.Build.0 = Release|x86
		{0FEE8658-3E13-47DC-8A34-4E173124E75C}.Debug|Any CPU.ActiveCfg = Debug|Any CPU
		{0FEE8658-3E13-47DC-8A34-4E173124E75C}.Debug|Any CPU.Build.0 = Debug|Any CPU
		{0FEE8658-3E13-47DC-8A34-4E173124E75C}.Debug|Mixed Platforms.ActiveCfg = Debug|Any CPU
		{0FEE8658-3E13-47DC-8A34-4E173124E75C}.Debug|Mixed Platforms.Build.0 = Debug|Any CPU
		{0FEE8658-3E13-47DC-8A34-4E173124E75C}.Debug|Windows Phone.ActiveCfg = Debug|Any CPU
		{0FEE8658-3E13-47DC-8A34-4E173124E75C}.Debug|x86.ActiveCfg = Debug|Any CPU
		{0FEE8658-3E13-47DC-8A34-4E173124E75C}.Debug|Xbox 360.ActiveCfg = Debug|Any CPU
		{0FEE8658-3E13-47DC-8A34-4E173124E75C}.FastDeployGame|Any CPU.ActiveCfg = Release|Any CPU
		{0FEE8658-3E13-47DC-8A34-4E173124E75C}.FastDeployGame|Any CPU.Build.0 = Release|Any CPU
		{0FEE8658-3E13-47DC-8A34-4E173124E75C}.FastDeployGame|Mixed Platforms.ActiveCfg = Release|Any CPU
		{0FEE8658-3E13-47DC-8A34-4E173124E75C}.FastDeployGame|Mixed Platforms.Build.0 = Release|Any CPU
		{0FEE8658-3E13-47DC-8A34-4E173124E75C}.FastDeployGame|Windows Phone.ActiveCfg = Release|Any CPU
		{0FEE8658-3E13-47DC-8A34-4E173124E75C}.FastDeployGame|x86.ActiveCfg = Release|Any CPU
		{0FEE8658-3E13-47DC-8A34-4E173124E75C}.FastDeployGame|Xbox 360.ActiveCfg = Release|Any CPU
		{0FEE8658-3E13-47DC-8A34-4E173124E75C}.MinimalLoad|Any CPU.ActiveCfg = Release|Any CPU
		{0FEE8658-3E13-47DC-8A34-4E173124E75C}.MinimalLoad|Any CPU.Build.0 = Release|Any CPU
		{0FEE8658-3E13-47DC-8A34-4E173124E75C}.MinimalLoad|Mixed Platforms.ActiveCfg = Release|Any CPU
		{0FEE8658-3E13-47DC-8A34-4E173124E75C}.MinimalLoad|Mixed Platforms.Build.0 = Release|Any CPU
		{0FEE8658-3E13-47DC-8A34-4E173124E75C}.MinimalLoad|Windows Phone.ActiveCfg = Release|Any CPU
		{0FEE8658-3E13-47DC-8A34-4E173124E75C}.MinimalLoad|x86.ActiveCfg = Release|Any CPU
		{0FEE8658-3E13-47DC-8A34-4E173124E75C}.MinimalLoad|Xbox 360.ActiveCfg = Release|Any CPU
		{0FEE8658-3E13-47DC-8A34-4E173124E75C}.Release|Any CPU.ActiveCfg = Release|Any CPU
		{0FEE8658-3E13-47DC-8A34-4E173124E75C}.Release|Any CPU.Build.0 = Release|Any CPU
		{0FEE8658-3E13-47DC-8A34-4E173124E75C}.Release|Mixed Platforms.ActiveCfg = Release|Any CPU
		{0FEE8658-3E13-47DC-8A34-4E173124E75C}.Release|Mixed Platforms.Build.0 = Release|Any CPU
		{0FEE8658-3E13-47DC-8A34-4E173124E75C}.Release|Windows Phone.ActiveCfg = Release|Any CPU
		{0FEE8658-3E13-47DC-8A34-4E173124E75C}.Release|x86.ActiveCfg = Release|Any CPU
		{0FEE8658-3E13-47DC-8A34-4E173124E75C}.Release|Xbox 360.ActiveCfg = Release|Any CPU
		{49537E73-DC67-4D39-881A-358CD1852C77}.Debug|Any CPU.ActiveCfg = Debug|x86
		{49537E73-DC67-4D39-881A-358CD1852C77}.Debug|Mixed Platforms.ActiveCfg = Debug|x86
		{49537E73-DC67-4D39-881A-358CD1852C77}.Debug|Mixed Platforms.Build.0 = Debug|x86
		{49537E73-DC67-4D39-881A-358CD1852C77}.Debug|Windows Phone.ActiveCfg = Debug|x86
		{49537E73-DC67-4D39-881A-358CD1852C77}.Debug|Windows Phone.Build.0 = Debug|x86
		{49537E73-DC67-4D39-881A-358CD1852C77}.Debug|x86.ActiveCfg = Debug|x86
		{49537E73-DC67-4D39-881A-358CD1852C77}.Debug|x86.Build.0 = Debug|x86
		{49537E73-DC67-4D39-881A-358CD1852C77}.Debug|Xbox 360.ActiveCfg = Debug|x86
		{49537E73-DC67-4D39-881A-358CD1852C77}.Debug|Xbox 360.Build.0 = Debug|x86
		{49537E73-DC67-4D39-881A-358CD1852C77}.FastDeployGame|Any CPU.ActiveCfg = Release|x86
		{49537E73-DC67-4D39-881A-358CD1852C77}.FastDeployGame|Mixed Platforms.ActiveCfg = Release|x86
		{49537E73-DC67-4D39-881A-358CD1852C77}.FastDeployGame|Mixed Platforms.Build.0 = Release|x86
		{49537E73-DC67-4D39-881A-358CD1852C77}.FastDeployGame|Windows Phone.ActiveCfg = Release|x86
		{49537E73-DC67-4D39-881A-358CD1852C77}.FastDeployGame|Windows Phone.Build.0 = Release|x86
		{49537E73-DC67-4D39-881A-358CD1852C77}.FastDeployGame|x86.ActiveCfg = Release|x86
		{49537E73-DC67-4D39-881A-358CD1852C77}.FastDeployGame|x86.Build.0 = Release|x86
		{49537E73-DC67-4D39-881A-358CD1852C77}.FastDeployGame|Xbox 360.ActiveCfg = Release|x86
		{49537E73-DC67-4D39-881A-358CD1852C77}.FastDeployGame|Xbox 360.Build.0 = Release|x86
		{49537E73-DC67-4D39-881A-358CD1852C77}.MinimalLoad|Any CPU.ActiveCfg = Release|x86
		{49537E73-DC67-4D39-881A-358CD1852C77}.MinimalLoad|Mixed Platforms.ActiveCfg = Release|x86
		{49537E73-DC67-4D39-881A-358CD1852C77}.MinimalLoad|Mixed Platforms.Build.0 = Release|x86
		{49537E73-DC67-4D39-881A-358CD1852C77}.MinimalLoad|Windows Phone.ActiveCfg = Release|x86
		{49537E73-DC67-4D39-881A-358CD1852C77}.MinimalLoad|Windows Phone.Build.0 = Release|x86
		{49537E73-DC67-4D39-881A-358CD1852C77}.MinimalLoad|x86.ActiveCfg = Release|x86
		{49537E73-DC67-4D39-881A-358CD1852C77}.MinimalLoad|x86.Build.0 = Release|x86
		{49537E73-DC67-4D39-881A-358CD1852C77}.MinimalLoad|Xbox 360.ActiveCfg = Release|x86
		{49537E73-DC67-4D39-881A-358CD1852C77}.MinimalLoad|Xbox 360.Build.0 = Release|x86
		{49537E73-DC67-4D39-881A-358CD1852C77}.Release|Any CPU.ActiveCfg = Release|x86
		{49537E73-DC67-4D39-881A-358CD1852C77}.Release|Mixed Platforms.ActiveCfg = Release|x86
		{49537E73-DC67-4D39-881A-358CD1852C77}.Release|Mixed Platforms.Build.0 = Release|x86
		{49537E73-DC67-4D39-881A-358CD1852C77}.Release|Windows Phone.ActiveCfg = Release|x86
		{49537E73-DC67-4D39-881A-358CD1852C77}.Release|Windows Phone.Build.0 = Release|x86
		{49537E73-DC67-4D39-881A-358CD1852C77}.Release|x86.ActiveCfg = Release|x86
		{49537E73-DC67-4D39-881A-358CD1852C77}.Release|x86.Build.0 = Release|x86
		{49537E73-DC67-4D39-881A-358CD1852C77}.Release|Xbox 360.ActiveCfg = Release|x86
		{49537E73-DC67-4D39-881A-358CD1852C77}.Release|Xbox 360.Build.0 = Release|x86
		{320E51BB-6023-4C3F-B7C6-E9500FE1880C}.Debug|Any CPU.ActiveCfg = Debug|x86
		{320E51BB-6023-4C3F-B7C6-E9500FE1880C}.Debug|Mixed Platforms.ActiveCfg = Debug|x86
		{320E51BB-6023-4C3F-B7C6-E9500FE1880C}.Debug|Windows Phone.ActiveCfg = Debug|x86
		{320E51BB-6023-4C3F-B7C6-E9500FE1880C}.Debug|x86.ActiveCfg = Debug|x86
		{320E51BB-6023-4C3F-B7C6-E9500FE1880C}.Debug|Xbox 360.ActiveCfg = Debug|x86
		{320E51BB-6023-4C3F-B7C6-E9500FE1880C}.FastDeployGame|Any CPU.ActiveCfg = Release|x86
		{320E51BB-6023-4C3F-B7C6-E9500FE1880C}.FastDeployGame|Mixed Platforms.ActiveCfg = Release|x86
		{320E51BB-6023-4C3F-B7C6-E9500FE1880C}.FastDeployGame|Windows Phone.ActiveCfg = Release|x86
		{320E51BB-6023-4C3F-B7C6-E9500FE1880C}.FastDeployGame|x86.ActiveCfg = Release|x86
		{320E51BB-6023-4C3F-B7C6-E9500FE1880C}.FastDeployGame|Xbox 360.ActiveCfg = Release|x86
		{320E51BB-6023-4C3F-B7C6-E9500FE1880C}.MinimalLoad|Any CPU.ActiveCfg = Release|x86
		{320E51BB-6023-4C3F-B7C6-E9500FE1880C}.MinimalLoad|Mixed Platforms.ActiveCfg = Release|x86
		{320E51BB-6023-4C3F-B7C6-E9500FE1880C}.MinimalLoad|Windows Phone.ActiveCfg = Release|x86
		{320E51BB-6023-4C3F-B7C6-E9500FE1880C}.MinimalLoad|x86.ActiveCfg = Release|x86
		{320E51BB-6023-4C3F-B7C6-E9500FE1880C}.MinimalLoad|Xbox 360.ActiveCfg = Release|x86
		{320E51BB-6023-4C3F-B7C6-E9500FE1880C}.Release|Any CPU.ActiveCfg = Release|x86
		{320E51BB-6023-4C3F-B7C6-E9500FE1880C}.Release|Mixed Platforms.ActiveCfg = Release|x86
		{320E51BB-6023-4C3F-B7C6-E9500FE1880C}.Release|Windows Phone.ActiveCfg = Release|x86
		{320E51BB-6023-4C3F-B7C6-E9500FE1880C}.Release|x86.ActiveCfg = Release|x86
		{320E51BB-6023-4C3F-B7C6-E9500FE1880C}.Release|Xbox 360.ActiveCfg = Release|x86
		{2D2DD0C9-9323-4598-84FC-552EB3557593}.Debug|Any CPU.ActiveCfg = Debug|x86
		{2D2DD0C9-9323-4598-84FC-552EB3557593}.Debug|Mixed Platforms.ActiveCfg = Debug|x86
		{2D2DD0C9-9323-4598-84FC-552EB3557593}.Debug|Mixed Platforms.Build.0 = Debug|x86
		{2D2DD0C9-9323-4598-84FC-552EB3557593}.Debug|Windows Phone.ActiveCfg = Debug|x86
		{2D2DD0C9-9323-4598-84FC-552EB3557593}.Debug|x86.ActiveCfg = Debug|x86
		{2D2DD0C9-9323-4598-84FC-552EB3557593}.Debug|x86.Build.0 = Debug|x86
		{2D2DD0C9-9323-4598-84FC-552EB3557593}.Debug|Xbox 360.ActiveCfg = Debug|x86
		{2D2DD0C9-9323-4598-84FC-552EB3557593}.FastDeployGame|Any CPU.ActiveCfg = FastDeployGame|x86
		{2D2DD0C9-9323-4598-84FC-552EB3557593}.FastDeployGame|Mixed Platforms.ActiveCfg = FastDeployGame|x86
		{2D2DD0C9-9323-4598-84FC-552EB3557593}.FastDeployGame|Mixed Platforms.Build.0 = FastDeployGame|x86
		{2D2DD0C9-9323-4598-84FC-552EB3557593}.FastDeployGame|Windows Phone.ActiveCfg = FastDeployGame|x86
		{2D2DD0C9-9323-4598-84FC-552EB3557593}.FastDeployGame|x86.ActiveCfg = FastDeployGame|x86
		{2D2DD0C9-9323-4598-84FC-552EB3557593}.FastDeployGame|x86.Build.0 = FastDeployGame|x86
		{2D2DD0C9-9323-4598-84FC-552EB3557593}.FastDeployGame|Xbox 360.ActiveCfg = FastDeployGame|x86
		{2D2DD0C9-9323-4598-84FC-552EB3557593}.MinimalLoad|Any CPU.ActiveCfg = MinimalLoad|x86
		{2D2DD0C9-9323-4598-84FC-552EB3557593}.MinimalLoad|Mixed Platforms.ActiveCfg = MinimalLoad|x86
		{2D2DD0C9-9323-4598-84FC-552EB3557593}.MinimalLoad|Mixed Platforms.Build.0 = MinimalLoad|x86
		{2D2DD0C9-9323-4598-84FC-552EB3557593}.MinimalLoad|Windows Phone.ActiveCfg = MinimalLoad|x86
		{2D2DD0C9-9323-4598-84FC-552EB3557593}.MinimalLoad|x86.ActiveCfg = MinimalLoad|x86
		{2D2DD0C9-9323-4598-84FC-552EB3557593}.MinimalLoad|x86.Build.0 = MinimalLoad|x86
		{2D2DD0C9-9323-4598-84FC-552EB3557593}.MinimalLoad|Xbox 360.ActiveCfg = MinimalLoad|x86
		{2D2DD0C9-9323-4598-84FC-552EB3557593}.Release|Any CPU.ActiveCfg = Release|x86
		{2D2DD0C9-9323-4598-84FC-552EB3557593}.Release|Mixed Platforms.ActiveCfg = Release|x86
		{2D2DD0C9-9323-4598-84FC-552EB3557593}.Release|Mixed Platforms.Build.0 = Release|x86
		{2D2DD0C9-9323-4598-84FC-552EB3557593}.Release|Windows Phone.ActiveCfg = Release|x86
		{2D2DD0C9-9323-4598-84FC-552EB3557593}.Release|x86.ActiveCfg = Release|x86
		{2D2DD0C9-9323-4598-84FC-552EB3557593}.Release|x86.Build.0 = Release|x86
		{2D2DD0C9-9323-4598-84FC-552EB3557593}.Release|Xbox 360.ActiveCfg = Release|x86
		{B824F58F-C9C5-42F8-9644-3D217FFEB44A}.Debug|Any CPU.ActiveCfg = Debug|x86
		{B824F58F-C9C5-42F8-9644-3D217FFEB44A}.Debug|Any CPU.Build.0 = Debug|x86
		{B824F58F-C9C5-42F8-9644-3D217FFEB44A}.Debug|Mixed Platforms.ActiveCfg = Debug|x86
		{B824F58F-C9C5-42F8-9644-3D217FFEB44A}.Debug|Mixed Platforms.Build.0 = Debug|x86
		{B824F58F-C9C5-42F8-9644-3D217FFEB44A}.Debug|Windows Phone.ActiveCfg = Debug|x86
		{B824F58F-C9C5-42F8-9644-3D217FFEB44A}.Debug|Windows Phone.Build.0 = Debug|x86
		{B824F58F-C9C5-42F8-9644-3D217FFEB44A}.Debug|x86.ActiveCfg = Debug|x86
		{B824F58F-C9C5-42F8-9644-3D217FFEB44A}.Debug|x86.Build.0 = Debug|x86
		{B824F58F-C9C5-42F8-9644-3D217FFEB44A}.Debug|Xbox 360.ActiveCfg = Debug|x86
		{B824F58F-C9C5-42F8-9644-3D217FFEB44A}.Debug|Xbox 360.Build.0 = Debug|x86
		{B824F58F-C9C5-42F8-9644-3D217FFEB44A}.FastDeployGame|Any CPU.ActiveCfg = FastDeployGame|x86
		{B824F58F-C9C5-42F8-9644-3D217FFEB44A}.FastDeployGame|Any CPU.Build.0 = FastDeployGame|x86
		{B824F58F-C9C5-42F8-9644-3D217FFEB44A}.FastDeployGame|Mixed Platforms.ActiveCfg = FastDeployGame|x86
		{B824F58F-C9C5-42F8-9644-3D217FFEB44A}.FastDeployGame|Mixed Platforms.Build.0 = FastDeployGame|x86
		{B824F58F-C9C5-42F8-9644-3D217FFEB44A}.FastDeployGame|Windows Phone.ActiveCfg = FastDeployGame|x86
		{B824F58F-C9C5-42F8-9644-3D217FFEB44A}.FastDeployGame|Windows Phone.Build.0 = FastDeployGame|x86
		{B824F58F-C9C5-42F8-9644-3D217FFEB44A}.FastDeployGame|x86.ActiveCfg = FastDeployGame|x86
		{B824F58F-C9C5-42F8-9644-3D217FFEB44A}.FastDeployGame|x86.Build.0 = FastDeployGame|x86
		{B824F58F-C9C5-42F8-9644-3D217FFEB44A}.FastDeployGame|Xbox 360.ActiveCfg = FastDeployGame|x86
		{B824F58F-C9C5-42F8-9644-3D217FFEB44A}.FastDeployGame|Xbox 360.Build.0 = FastDeployGame|x86
		{B824F58F-C9C5-42F8-9644-3D217FFEB44A}.MinimalLoad|Any CPU.ActiveCfg = FastDeployGame|x86
		{B824F58F-C9C5-42F8-9644-3D217FFEB44A}.MinimalLoad|Any CPU.Build.0 = FastDeployGame|x86
		{B824F58F-C9C5-42F8-9644-3D217FFEB44A}.MinimalLoad|Mixed Platforms.ActiveCfg = FastDeployGame|x86
		{B824F58F-C9C5-42F8-9644-3D217FFEB44A}.MinimalLoad|Mixed Platforms.Build.0 = FastDeployGame|x86
		{B824F58F-C9C5-42F8-9644-3D217FFEB44A}.MinimalLoad|Windows Phone.ActiveCfg = FastDeployGame|x86
		{B824F58F-C9C5-42F8-9644-3D217FFEB44A}.MinimalLoad|Windows Phone.Build.0 = FastDeployGame|x86
		{B824F58F-C9C5-42F8-9644-3D217FFEB44A}.MinimalLoad|x86.ActiveCfg = FastDeployGame|x86
		{B824F58F-C9C5-42F8-9644-3D217FFEB44A}.MinimalLoad|x86.Build.0 = FastDeployGame|x86
		{B824F58F-C9C5-42F8-9644-3D217FFEB44A}.MinimalLoad|Xbox 360.ActiveCfg = FastDeployGame|x86
		{B824F58F-C9C5-42F8-9644-3D217FFEB44A}.MinimalLoad|Xbox 360.Build.0 = FastDeployGame|x86
		{B824F58F-C9C5-42F8-9644-3D217FFEB44A}.Release|Any CPU.ActiveCfg = FastDeployGame|x86
		{B824F58F-C9C5-42F8-9644-3D217FFEB44A}.Release|Any CPU.Build.0 = FastDeployGame|x86
		{B824F58F-C9C5-42F8-9644-3D217FFEB44A}.Release|Mixed Platforms.ActiveCfg = FastDeployGame|x86
		{B824F58F-C9C5-42F8-9644-3D217FFEB44A}.Release|Mixed Platforms.Build.0 = FastDeployGame|x86
		{B824F58F-C9C5-42F8-9644-3D217FFEB44A}.Release|Windows Phone.ActiveCfg = FastDeployGame|x86
		{B824F58F-C9C5-42F8-9644-3D217FFEB44A}.Release|Windows Phone.Build.0 = FastDeployGame|x86
		{B824F58F-C9C5-42F8-9644-3D217FFEB44A}.Release|x86.ActiveCfg = FastDeployGame|x86
		{B824F58F-C9C5-42F8-9644-3D217FFEB44A}.Release|x86.Build.0 = FastDeployGame|x86
		{B824F58F-C9C5-42F8-9644-3D217FFEB44A}.Release|Xbox 360.ActiveCfg = FastDeployGame|x86
		{B824F58F-C9C5-42F8-9644-3D217FFEB44A}.Release|Xbox 360.Build.0 = FastDeployGame|x86
		{529C0D59-0B7E-4DF6-8114-5D0003EB6129}.Debug|Any CPU.ActiveCfg = Debug|x86
		{529C0D59-0B7E-4DF6-8114-5D0003EB6129}.Debug|Mixed Platforms.ActiveCfg = Debug|x86
		{529C0D59-0B7E-4DF6-8114-5D0003EB6129}.Debug|Mixed Platforms.Build.0 = Debug|x86
		{529C0D59-0B7E-4DF6-8114-5D0003EB6129}.Debug|Windows Phone.ActiveCfg = Debug|x86
		{529C0D59-0B7E-4DF6-8114-5D0003EB6129}.Debug|x86.ActiveCfg = Debug|x86
		{529C0D59-0B7E-4DF6-8114-5D0003EB6129}.Debug|x86.Build.0 = Debug|x86
		{529C0D59-0B7E-4DF6-8114-5D0003EB6129}.Debug|Xbox 360.ActiveCfg = Debug|x86
		{529C0D59-0B7E-4DF6-8114-5D0003EB6129}.FastDeployGame|Any CPU.ActiveCfg = FastDeployGame|x86
		{529C0D59-0B7E-4DF6-8114-5D0003EB6129}.FastDeployGame|Mixed Platforms.ActiveCfg = FastDeployGame|x86
		{529C0D59-0B7E-4DF6-8114-5D0003EB6129}.FastDeployGame|Mixed Platforms.Build.0 = FastDeployGame|x86
		{529C0D59-0B7E-4DF6-8114-5D0003EB6129}.FastDeployGame|Windows Phone.ActiveCfg = FastDeployGame|x86
		{529C0D59-0B7E-4DF6-8114-5D0003EB6129}.FastDeployGame|x86.ActiveCfg = FastDeployGame|x86
		{529C0D59-0B7E-4DF6-8114-5D0003EB6129}.FastDeployGame|x86.Build.0 = FastDeployGame|x86
		{529C0D59-0B7E-4DF6-8114-5D0003EB6129}.FastDeployGame|Xbox 360.ActiveCfg = FastDeployGame|x86
		{529C0D59-0B7E-4DF6-8114-5D0003EB6129}.MinimalLoad|Any CPU.ActiveCfg = MinimalLoad|x86
		{529C0D59-0B7E-4DF6-8114-5D0003EB6129}.MinimalLoad|Mixed Platforms.ActiveCfg = MinimalLoad|x86
		{529C0D59-0B7E-4DF6-8114-5D0003EB6129}.MinimalLoad|Mixed Platforms.Build.0 = MinimalLoad|x86
		{529C0D59-0B7E-4DF6-8114-5D0003EB6129}.MinimalLoad|Windows Phone.ActiveCfg = MinimalLoad|x86
		{529C0D59-0B7E-4DF6-8114-5D0003EB6129}.MinimalLoad|x86.ActiveCfg = MinimalLoad|x86
		{529C0D59-0B7E-4DF6-8114-5D0003EB6129}.MinimalLoad|x86.Build.0 = MinimalLoad|x86
		{529C0D59-0B7E-4DF6-8114-5D0003EB6129}.MinimalLoad|Xbox 360.ActiveCfg = MinimalLoad|x86
		{529C0D59-0B7E-4DF6-8114-5D0003EB6129}.Release|Any CPU.ActiveCfg = Release|x86
		{529C0D59-0B7E-4DF6-8114-5D0003EB6129}.Release|Mixed Platforms.ActiveCfg = Release|x86
		{529C0D59-0B7E-4DF6-8114-5D0003EB6129}.Release|Mixed Platforms.Build.0 = Release|x86
		{529C0D59-0B7E-4DF6-8114-5D0003EB6129}.Release|Windows Phone.ActiveCfg = Release|x86
		{529C0D59-0B7E-4DF6-8114-5D0003EB6129}.Release|x86.ActiveCfg = Release|x86
		{529C0D59-0B7E-4DF6-8114-5D0003EB6129}.Release|x86.Build.0 = Release|x86
		{529C0D59-0B7E-4DF6-8114-5D0003EB6129}.Release|Xbox 360.ActiveCfg = Release|x86
		{8E725EE0-7688-486B-B619-BFA58F0429CA}.Debug|Any CPU.ActiveCfg = Debug|x86
		{8E725EE0-7688-486B-B619-BFA58F0429CA}.Debug|Any CPU.Build.0 = Debug|x86
		{8E725EE0-7688-486B-B619-BFA58F0429CA}.Debug|Mixed Platforms.ActiveCfg = Debug|x86
		{8E725EE0-7688-486B-B619-BFA58F0429CA}.Debug|Mixed Platforms.Build.0 = Debug|x86
		{8E725EE0-7688-486B-B619-BFA58F0429CA}.Debug|Windows Phone.ActiveCfg = Debug|x86
		{8E725EE0-7688-486B-B619-BFA58F0429CA}.Debug|Windows Phone.Build.0 = Debug|x86
		{8E725EE0-7688-486B-B619-BFA58F0429CA}.Debug|x86.ActiveCfg = Debug|x86
		{8E725EE0-7688-486B-B619-BFA58F0429CA}.Debug|x86.Build.0 = Debug|x86
		{8E725EE0-7688-486B-B619-BFA58F0429CA}.Debug|Xbox 360.ActiveCfg = Debug|x86
		{8E725EE0-7688-486B-B619-BFA58F0429CA}.Debug|Xbox 360.Build.0 = Debug|x86
		{8E725EE0-7688-486B-B619-BFA58F0429CA}.FastDeployGame|Any CPU.ActiveCfg = Debug|x86
		{8E725EE0-7688-486B-B619-BFA58F0429CA}.FastDeployGame|Any CPU.Build.0 = Debug|x86
		{8E725EE0-7688-486B-B619-BFA58F0429CA}.FastDeployGame|Mixed Platforms.ActiveCfg = Debug|x86
		{8E725EE0-7688-486B-B619-BFA58F0429CA}.FastDeployGame|Mixed Platforms.Build.0 = Debug|x86
		{8E725EE0-7688-486B-B619-BFA58F0429CA}.FastDeployGame|Windows Phone.ActiveCfg = Debug|x86
		{8E725EE0-7688-486B-B619-BFA58F0429CA}.FastDeployGame|Windows Phone.Build.0 = Debug|x86
		{8E725EE0-7688-486B-B619-BFA58F0429CA}.FastDeployGame|x86.ActiveCfg = Debug|x86
		{8E725EE0-7688-486B-B619-BFA58F0429CA}.FastDeployGame|x86.Build.0 = Debug|x86
		{8E725EE0-7688-486B-B619-BFA58F0429CA}.FastDeployGame|Xbox 360.ActiveCfg = Debug|x86
		{8E725EE0-7688-486B-B619-BFA58F0429CA}.FastDeployGame|Xbox 360.Build.0 = Debug|x86
		{8E725EE0-7688-486B-B619-BFA58F0429CA}.MinimalLoad|Any CPU.ActiveCfg = Debug|x86
		{8E725EE0-7688-486B-B619-BFA58F0429CA}.MinimalLoad|Any CPU.Build.0 = Debug|x86
		{8E725EE0-7688-486B-B619-BFA58F0429CA}.MinimalLoad|Mixed Platforms.ActiveCfg = Debug|x86
		{8E725EE0-7688-486B-B619-BFA58F0429CA}.MinimalLoad|Mixed Platforms.Build.0 = Debug|x86
		{8E725EE0-7688-486B-B619-BFA58F0429CA}.MinimalLoad|Windows Phone.ActiveCfg = Debug|x86
		{8E725EE0-7688-486B-B619-BFA58F0429CA}.MinimalLoad|Windows Phone.Build.0 = Debug|x86
		{8E725EE0-7688-486B-B619-BFA58F0429CA}.MinimalLoad|x86.ActiveCfg = Debug|x86
		{8E725EE0-7688-486B-B619-BFA58F0429CA}.MinimalLoad|x86.Build.0 = Debug|x86
		{8E725EE0-7688-486B-B619-BFA58F0429CA}.MinimalLoad|Xbox 360.ActiveCfg = Debug|x86
		{8E725EE0-7688-486B-B619-BFA58F0429CA}.MinimalLoad|Xbox 360.Build.0 = Debug|x86
		{8E725EE0-7688-486B-B619-BFA58F0429CA}.Release|Any CPU.ActiveCfg = Debug|x86
		{8E725EE0-7688-486B-B619-BFA58F0429CA}.Release|Any CPU.Build.0 = Debug|x86
		{8E725EE0-7688-486B-B619-BFA58F0429CA}.Release|Mixed Platforms.ActiveCfg = Debug|x86
		{8E725EE0-7688-486B-B619-BFA58F0429CA}.Release|Mixed Platforms.Build.0 = Debug|x86
		{8E725EE0-7688-486B-B619-BFA58F0429CA}.Release|Windows Phone.ActiveCfg = Debug|x86
		{8E725EE0-7688-486B-B619-BFA58F0429CA}.Release|Windows Phone.Build.0 = Debug|x86
		{8E725EE0-7688-486B-B619-BFA58F0429CA}.Release|x86.ActiveCfg = Debug|x86
		{8E725EE0-7688-486B-B619-BFA58F0429CA}.Release|x86.Build.0 = Debug|x86
		{8E725EE0-7688-486B-B619-BFA58F0429CA}.Release|Xbox 360.ActiveCfg = Debug|x86
		{8E725EE0-7688-486B-B619-BFA58F0429CA}.Release|Xbox 360.Build.0 = Debug|x86
		{7BA1EB66-835C-4BB9-83CD-C80F72326FBF}.Debug|Any CPU.ActiveCfg = Debug|x86
		{7BA1EB66-835C-4BB9-83CD-C80F72326FBF}.Debug|Mixed Platforms.ActiveCfg = Debug|x86
		{7BA1EB66-835C-4BB9-83CD-C80F72326FBF}.Debug|Mixed Platforms.Build.0 = Debug|x86
		{7BA1EB66-835C-4BB9-83CD-C80F72326FBF}.Debug|Windows Phone.ActiveCfg = Debug|x86
		{7BA1EB66-835C-4BB9-83CD-C80F72326FBF}.Debug|x86.ActiveCfg = Debug|x86
		{7BA1EB66-835C-4BB9-83CD-C80F72326FBF}.Debug|x86.Build.0 = Debug|x86
		{7BA1EB66-835C-4BB9-83CD-C80F72326FBF}.Debug|Xbox 360.ActiveCfg = Debug|x86
		{7BA1EB66-835C-4BB9-83CD-C80F72326FBF}.FastDeployGame|Any CPU.ActiveCfg = Release|x86
		{7BA1EB66-835C-4BB9-83CD-C80F72326FBF}.FastDeployGame|Mixed Platforms.ActiveCfg = Release|x86
		{7BA1EB66-835C-4BB9-83CD-C80F72326FBF}.FastDeployGame|Mixed Platforms.Build.0 = Release|x86
		{7BA1EB66-835C-4BB9-83CD-C80F72326FBF}.FastDeployGame|Windows Phone.ActiveCfg = Release|x86
		{7BA1EB66-835C-4BB9-83CD-C80F72326FBF}.FastDeployGame|x86.ActiveCfg = Release|x86
		{7BA1EB66-835C-4BB9-83CD-C80F72326FBF}.FastDeployGame|x86.Build.0 = Release|x86
		{7BA1EB66-835C-4BB9-83CD-C80F72326FBF}.FastDeployGame|Xbox 360.ActiveCfg = Release|x86
		{7BA1EB66-835C-4BB9-83CD-C80F72326FBF}.MinimalLoad|Any CPU.ActiveCfg = Release|x86
		{7BA1EB66-835C-4BB9-83CD-C80F72326FBF}.MinimalLoad|Mixed Platforms.ActiveCfg = Release|x86
		{7BA1EB66-835C-4BB9-83CD-C80F72326FBF}.MinimalLoad|Mixed Platforms.Build.0 = Release|x86
		{7BA1EB66-835C-4BB9-83CD-C80F72326FBF}.MinimalLoad|Windows Phone.ActiveCfg = Release|x86
		{7BA1EB66-835C-4BB9-83CD-C80F72326FBF}.MinimalLoad|x86.ActiveCfg = Release|x86
		{7BA1EB66-835C-4BB9-83CD-C80F72326FBF}.MinimalLoad|x86.Build.0 = Release|x86
		{7BA1EB66-835C-4BB9-83CD-C80F72326FBF}.MinimalLoad|Xbox 360.ActiveCfg = Release|x86
		{7BA1EB66-835C-4BB9-83CD-C80F72326FBF}.Release|Any CPU.ActiveCfg = Release|x86
		{7BA1EB66-835C-4BB9-83CD-C80F72326FBF}.Release|Mixed Platforms.ActiveCfg = Release|x86
		{7BA1EB66-835C-4BB9-83CD-C80F72326FBF}.Release|Mixed Platforms.Build.0 = Release|x86
		{7BA1EB66-835C-4BB9-83CD-C80F72326FBF}.Release|Windows Phone.ActiveCfg = Release|x86
		{7BA1EB66-835C-4BB9-83CD-C80F72326FBF}.Release|x86.ActiveCfg = Release|x86
		{7BA1EB66-835C-4BB9-83CD-C80F72326FBF}.Release|x86.Build.0 = Release|x86
		{7BA1EB66-835C-4BB9-83CD-C80F72326FBF}.Release|Xbox 360.ActiveCfg = Release|x86
		{A8145751-5CF8-4282-93BA-2364AD673E23}.Debug|Any CPU.ActiveCfg = Debug|x86
		{A8145751-5CF8-4282-93BA-2364AD673E23}.Debug|Any CPU.Build.0 = Debug|x86
		{A8145751-5CF8-4282-93BA-2364AD673E23}.Debug|Mixed Platforms.ActiveCfg = Debug|x86
		{A8145751-5CF8-4282-93BA-2364AD673E23}.Debug|Mixed Platforms.Build.0 = Debug|x86
		{A8145751-5CF8-4282-93BA-2364AD673E23}.Debug|Windows Phone.ActiveCfg = Debug|x86
		{A8145751-5CF8-4282-93BA-2364AD673E23}.Debug|Windows Phone.Build.0 = Debug|x86
		{A8145751-5CF8-4282-93BA-2364AD673E23}.Debug|x86.ActiveCfg = Debug|x86
		{A8145751-5CF8-4282-93BA-2364AD673E23}.Debug|x86.Build.0 = Debug|x86
		{A8145751-5CF8-4282-93BA-2364AD673E23}.Debug|Xbox 360.ActiveCfg = Debug|x86
		{A8145751-5CF8-4282-93BA-2364AD673E23}.Debug|Xbox 360.Build.0 = Debug|x86
		{A8145751-5CF8-4282-93BA-2364AD673E23}.FastDeployGame|Any CPU.ActiveCfg = Debug|x86
		{A8145751-5CF8-4282-93BA-2364AD673E23}.FastDeployGame|Any CPU.Build.0 = Debug|x86
		{A8145751-5CF8-4282-93BA-2364AD673E23}.FastDeployGame|Mixed Platforms.ActiveCfg = Debug|x86
		{A8145751-5CF8-4282-93BA-2364AD673E23}.FastDeployGame|Mixed Platforms.Build.0 = Debug|x86
		{A8145751-5CF8-4282-93BA-2364AD673E23}.FastDeployGame|Windows Phone.ActiveCfg = Debug|x86
		{A8145751-5CF8-4282-93BA-2364AD673E23}.FastDeployGame|Windows Phone.Build.0 = Debug|x86
		{A8145751-5CF8-4282-93BA-2364AD673E23}.FastDeployGame|x86.ActiveCfg = Debug|x86
		{A8145751-5CF8-4282-93BA-2364AD673E23}.FastDeployGame|x86.Build.0 = Debug|x86
		{A8145751-5CF8-4282-93BA-2364AD673E23}.FastDeployGame|Xbox 360.ActiveCfg = Debug|x86
		{A8145751-5CF8-4282-93BA-2364AD673E23}.FastDeployGame|Xbox 360.Build.0 = Debug|x86
		{A8145751-5CF8-4282-93BA-2364AD673E23}.MinimalLoad|Any CPU.ActiveCfg = Debug|x86
		{A8145751-5CF8-4282-93BA-2364AD673E23}.MinimalLoad|Any CPU.Build.0 = Debug|x86
		{A8145751-5CF8-4282-93BA-2364AD673E23}.MinimalLoad|Mixed Platforms.ActiveCfg = Debug|x86
		{A8145751-5CF8-4282-93BA-2364AD673E23}.MinimalLoad|Mixed Platforms.Build.0 = Debug|x86
		{A8145751-5CF8-4282-93BA-2364AD673E23}.MinimalLoad|Windows Phone.ActiveCfg = Debug|x86
		{A8145751-5CF8-4282-93BA-2364AD673E23}.MinimalLoad|Windows Phone.Build.0 = Debug|x86
		{A8145751-5CF8-4282-93BA-2364AD673E23}.MinimalLoad|x86.ActiveCfg = Debug|x86
		{A8145751-5CF8-4282-93BA-2364AD673E23}.MinimalLoad|x86.Build.0 = Debug|x86
		{A8145751-5CF8-4282-93BA-2364AD673E23}.MinimalLoad|Xbox 360.ActiveCfg = Debug|x86
		{A8145751-5CF8-4282-93BA-2364AD673E23}.MinimalLoad|Xbox 360.Build.0 = Debug|x86
		{A8145751-5CF8-4282-93BA-2364AD673E23}.Release|Any CPU.ActiveCfg = Debug|x86
		{A8145751-5CF8-4282-93BA-2364AD673E23}.Release|Any CPU.Build.0 = Debug|x86
		{A8145751-5CF8-4282-93BA-2364AD673E23}.Release|Mixed Platforms.ActiveCfg = Debug|x86
		{A8145751-5CF8-4282-93BA-2364AD673E23}.Release|Mixed Platforms.Build.0 = Debug|x86
		{A8145751-5CF8-4282-93BA-2364AD673E23}.Release|Windows Phone.ActiveCfg = Debug|x86
		{A8145751-5CF8-4282-93BA-2364AD673E23}.Release|Windows Phone.Build.0 = Debug|x86
		{A8145751-5CF8-4282-93BA-2364AD673E23}.Release|x86.ActiveCfg = Debug|x86
		{A8145751-5CF8-4282-93BA-2364AD673E23}.Release|x86.Build.0 = Debug|x86
		{A8145751-5CF8-4282-93BA-2364AD673E23}.Release|Xbox 360.ActiveCfg = Debug|x86
		{A8145751-5CF8-4282-93BA-2364AD673E23}.Release|Xbox 360.Build.0 = Debug|x86
		{34D559DC-2A8F-44D7-84D0-463705BF5B2B}.Debug|Any CPU.ActiveCfg = Debug|x86
		{34D559DC-2A8F-44D7-84D0-463705BF5B2B}.Debug|Mixed Platforms.ActiveCfg = Debug|x86
		{34D559DC-2A8F-44D7-84D0-463705BF5B2B}.Debug|Mixed Platforms.Build.0 = Debug|x86
		{34D559DC-2A8F-44D7-84D0-463705BF5B2B}.Debug|Windows Phone.ActiveCfg = Debug|x86
		{34D559DC-2A8F-44D7-84D0-463705BF5B2B}.Debug|x86.ActiveCfg = Debug|x86
		{34D559DC-2A8F-44D7-84D0-463705BF5B2B}.Debug|x86.Build.0 = Debug|x86
		{34D559DC-2A8F-44D7-84D0-463705BF5B2B}.Debug|Xbox 360.ActiveCfg = Debug|x86
		{34D559DC-2A8F-44D7-84D0-463705BF5B2B}.FastDeployGame|Any CPU.ActiveCfg = FastDeployGame|x86
		{34D559DC-2A8F-44D7-84D0-463705BF5B2B}.FastDeployGame|Mixed Platforms.ActiveCfg = FastDeployGame|x86
		{34D559DC-2A8F-44D7-84D0-463705BF5B2B}.FastDeployGame|Mixed Platforms.Build.0 = FastDeployGame|x86
		{34D559DC-2A8F-44D7-84D0-463705BF5B2B}.FastDeployGame|Windows Phone.ActiveCfg = FastDeployGame|x86
		{34D559DC-2A8F-44D7-84D0-463705BF5B2B}.FastDeployGame|x86.ActiveCfg = FastDeployGame|x86
		{34D559DC-2A8F-44D7-84D0-463705BF5B2B}.FastDeployGame|x86.Build.0 = FastDeployGame|x86
		{34D559DC-2A8F-44D7-84D0-463705BF5B2B}.FastDeployGame|Xbox 360.ActiveCfg = FastDeployGame|x86
		{34D559DC-2A8F-44D7-84D0-463705BF5B2B}.MinimalLoad|Any CPU.ActiveCfg = MinimalLoad|x86
		{34D559DC-2A8F-44D7-84D0-463705BF5B2B}.MinimalLoad|Mixed Platforms.ActiveCfg = MinimalLoad|x86
		{34D559DC-2A8F-44D7-84D0-463705BF5B2B}.MinimalLoad|Mixed Platforms.Build.0 = MinimalLoad|x86
		{34D559DC-2A8F-44D7-84D0-463705BF5B2B}.MinimalLoad|Windows Phone.ActiveCfg = MinimalLoad|x86
		{34D559DC-2A8F-44D7-84D0-463705BF5B2B}.MinimalLoad|x86.ActiveCfg = MinimalLoad|x86
		{34D559DC-2A8F-44D7-84D0-463705BF5B2B}.MinimalLoad|x86.Build.0 = MinimalLoad|x86
		{34D559DC-2A8F-44D7-84D0-463705BF5B2B}.MinimalLoad|Xbox 360.ActiveCfg = MinimalLoad|x86
		{34D559DC-2A8F-44D7-84D0-463705BF5B2B}.Release|Any CPU.ActiveCfg = Release|x86
		{34D559DC-2A8F-44D7-84D0-463705BF5B2B}.Release|Mixed Platforms.ActiveCfg = Release|x86
		{34D559DC-2A8F-44D7-84D0-463705BF5B2B}.Release|Mixed Platforms.Build.0 = Release|x86
		{34D559DC-2A8F-44D7-84D0-463705BF5B2B}.Release|Windows Phone.ActiveCfg = Release|x86
		{34D559DC-2A8F-44D7-84D0-463705BF5B2B}.Release|x86.ActiveCfg = Release|x86
		{34D559DC-2A8F-44D7-84D0-463705BF5B2B}.Release|x86.Build.0 = Release|x86
		{34D559DC-2A8F-44D7-84D0-463705BF5B2B}.Release|Xbox 360.ActiveCfg = Release|x86
		{972591D9-EC31-44F2-B860-A060F4A7D9C5}.Debug|Any CPU.ActiveCfg = Debug|x86
		{972591D9-EC31-44F2-B860-A060F4A7D9C5}.Debug|Mixed Platforms.ActiveCfg = Debug|x86
		{972591D9-EC31-44F2-B860-A060F4A7D9C5}.Debug|Mixed Platforms.Build.0 = Debug|x86
		{972591D9-EC31-44F2-B860-A060F4A7D9C5}.Debug|Windows Phone.ActiveCfg = Debug|x86
		{972591D9-EC31-44F2-B860-A060F4A7D9C5}.Debug|x86.ActiveCfg = Debug|x86
		{972591D9-EC31-44F2-B860-A060F4A7D9C5}.Debug|x86.Build.0 = Debug|x86
		{972591D9-EC31-44F2-B860-A060F4A7D9C5}.Debug|Xbox 360.ActiveCfg = Debug|x86
		{972591D9-EC31-44F2-B860-A060F4A7D9C5}.FastDeployGame|Any CPU.ActiveCfg = FastDeployGame|x86
		{972591D9-EC31-44F2-B860-A060F4A7D9C5}.FastDeployGame|Mixed Platforms.ActiveCfg = FastDeployGame|x86
		{972591D9-EC31-44F2-B860-A060F4A7D9C5}.FastDeployGame|Mixed Platforms.Build.0 = FastDeployGame|x86
		{972591D9-EC31-44F2-B860-A060F4A7D9C5}.FastDeployGame|Windows Phone.ActiveCfg = FastDeployGame|x86
		{972591D9-EC31-44F2-B860-A060F4A7D9C5}.FastDeployGame|x86.ActiveCfg = FastDeployGame|x86
		{972591D9-EC31-44F2-B860-A060F4A7D9C5}.FastDeployGame|x86.Build.0 = FastDeployGame|x86
		{972591D9-EC31-44F2-B860-A060F4A7D9C5}.FastDeployGame|Xbox 360.ActiveCfg = FastDeployGame|x86
		{972591D9-EC31-44F2-B860-A060F4A7D9C5}.MinimalLoad|Any CPU.ActiveCfg = FastDeployGame|x86
		{972591D9-EC31-44F2-B860-A060F4A7D9C5}.MinimalLoad|Mixed Platforms.ActiveCfg = FastDeployGame|x86
		{972591D9-EC31-44F2-B860-A060F4A7D9C5}.MinimalLoad|Mixed Platforms.Build.0 = FastDeployGame|x86
		{972591D9-EC31-44F2-B860-A060F4A7D9C5}.MinimalLoad|Windows Phone.ActiveCfg = FastDeployGame|x86
		{972591D9-EC31-44F2-B860-A060F4A7D9C5}.MinimalLoad|x86.ActiveCfg = FastDeployGame|x86
		{972591D9-EC31-44F2-B860-A060F4A7D9C5}.MinimalLoad|x86.Build.0 = FastDeployGame|x86
		{972591D9-EC31-44F2-B860-A060F4A7D9C5}.MinimalLoad|Xbox 360.ActiveCfg = FastDeployGame|x86
		{972591D9-EC31-44F2-B860-A060F4A7D9C5}.Release|Any CPU.ActiveCfg = Release|x86
		{972591D9-EC31-44F2-B860-A060F4A7D9C5}.Release|Mixed Platforms.ActiveCfg = Release|x86
		{972591D9-EC31-44F2-B860-A060F4A7D9C5}.Release|Mixed Platforms.Build.0 = Release|x86
		{972591D9-EC31-44F2-B860-A060F4A7D9C5}.Release|Windows Phone.ActiveCfg = Release|x86
		{972591D9-EC31-44F2-B860-A060F4A7D9C5}.Release|x86.ActiveCfg = Release|x86
		{972591D9-EC31-44F2-B860-A060F4A7D9C5}.Release|x86.Build.0 = Release|x86
		{972591D9-EC31-44F2-B860-A060F4A7D9C5}.Release|Xbox 360.ActiveCfg = Release|x86
	EndGlobalSection
	GlobalSection(SolutionProperties) = preSolution
		HideSolutionNode = FALSE
	EndGlobalSection
EndGlobal
