
Microsoft Visual Studio Solution File, Format Version 11.00
# Visual Studio 2010
Project("{FAE04EC0-301F-11D3-BF4B-00C04F79EFBC}") = "LicenseManager", "LicenseManager\LicenseManager.csproj", "{0FEE8658-3E13-47DC-8A34-4E173124E75C}"
EndProject
Project("{FAE04EC0-301F-11D3-BF4B-00C04F79EFBC}") = "ReleaseTest", "ReleaseTest\ReleaseTest\ReleaseTest.csproj", "{49537E73-DC67-4D39-881A-358CD1852C77}"
EndProject
Project("{FAE04EC0-301F-11D3-BF4B-00C04F79EFBC}") = "Content - ReleaseTest", "ReleaseTest\ReleaseTestContent\Content - ReleaseTest.contentproj", "{320E51BB-6023-4C3F-B7C6-E9500FE1880C}"
EndProject
Project("{FAE04EC0-301F-11D3-BF4B-00C04F79EFBC}") = "Windows - Gearset", "Gearset\Windows - Gearset.csproj", "{972591D9-EC31-44F2-B860-A060F4A7D9C5}"
EndProject
Project("{2150E333-8FDC-42A3-9474-1A3956D46DE8}") = "Content", "Content", "{97319219-5E2C-406C-A69D-372D2616E8A2}"
EndProject
Project("{2150E333-8FDC-42A3-9474-1A3956D46DE8}") = "Tests", "Tests", "{012C0BB5-C908-4D09-9792-163E18F7039F}"
EndProject
Project("{FAE04EC0-301F-11D3-BF4B-00C04F79EFBC}") = "Windows Phone - Dummy Gearset", "Gearset\Windows Phone - Dummy Gearset.csproj", "{BBEBBFB9-9E08-437B-967B-5308D7059E16}"
EndProject
Project("{FAE04EC0-301F-11D3-BF4B-00C04F79EFBC}") = "Xbox 360 - Dummy Gearset", "Gearset\Xbox 360 - Dummy Gearset.csproj", "{0E5787C6-AEF0-4E28-859D-4CDE1EC0106D}"
EndProject
Project("{2150E333-8FDC-42A3-9474-1A3956D46DE8}") = "Dummies", "Dummies", "{A5D6AB53-AFEB-4F10-A063-327E0D7F1C31}"
EndProject
Project("{FAE04EC0-301F-11D3-BF4B-00C04F79EFBC}") = "FunctionExtractor", "FunctionExtractor\FunctionExtractor.csproj", "{451DE2D6-2961-40C7-870D-794CE846F5A3}"
EndProject
Project("{2150E333-8FDC-42A3-9474-1A3956D46DE8}") = "Tools", "Tools", "{7DB833C5-334F-42A4-B902-C8124ACFC8BB}"
EndProject
Global
	GlobalSection(SolutionConfigurationPlatforms) = preSolution
		Debug|Any CPU = Debug|Any CPU
		Debug|Mixed Platforms = Debug|Mixed Platforms
		Debug|Windows Phone = Debug|Windows Phone
		Debug|x86 = Debug|x86
		Debug|Xbox 360 = Debug|Xbox 360
		FastDeployGame|Any CPU = FastDeployGame|Any CPU
		FastDeployGame|Mixed Platforms = FastDeployGame|Mixed Platforms
		FastDeployGame|Windows Phone = FastDeployGame|Windows Phone
		FastDeployGame|x86 = FastDeployGame|x86
		FastDeployGame|Xbox 360 = FastDeployGame|Xbox 360
		MinimalLoad|Any CPU = MinimalLoad|Any CPU
		MinimalLoad|Mixed Platforms = MinimalLoad|Mixed Platforms
		MinimalLoad|Windows Phone = MinimalLoad|Windows Phone
		MinimalLoad|x86 = MinimalLoad|x86
		MinimalLoad|Xbox 360 = MinimalLoad|Xbox 360
		Release|Any CPU = Release|Any CPU
		Release|Mixed Platforms = Release|Mixed Platforms
		Release|Windows Phone = Release|Windows Phone
		Release|x86 = Release|x86
		Release|Xbox 360 = Release|Xbox 360
	EndGlobalSection
	GlobalSection(ProjectConfigurationPlatforms) = postSolution
		{0FEE8658-3E13-47DC-8A34-4E173124E75C}.Debug|Any CPU.ActiveCfg = Debug|Any CPU
		{0FEE8658-3E13-47DC-8A34-4E173124E75C}.Debug|Any CPU.Build.0 = Debug|Any CPU
		{0FEE8658-3E13-47DC-8A34-4E173124E75C}.Debug|Mixed Platforms.ActiveCfg = Debug|Any CPU
		{0FEE8658-3E13-47DC-8A34-4E173124E75C}.Debug|Mixed Platforms.Build.0 = Debug|Any CPU
		{0FEE8658-3E13-47DC-8A34-4E173124E75C}.Debug|Windows Phone.ActiveCfg = Debug|Any CPU
		{0FEE8658-3E13-47DC-8A34-4E173124E75C}.Debug|x86.ActiveCfg = Debug|Any CPU
		{0FEE8658-3E13-47DC-8A34-4E173124E75C}.Debug|Xbox 360.ActiveCfg = Debug|Any CPU
		{0FEE8658-3E13-47DC-8A34-4E173124E75C}.FastDeployGame|Any CPU.ActiveCfg = Release|Any CPU
		{0FEE8658-3E13-47DC-8A34-4E173124E75C}.FastDeployGame|Any CPU.Build.0 = Release|Any CPU
		{0FEE8658-3E13-47DC-8A34-4E173124E75C}.FastDeployGame|Mixed Platforms.ActiveCfg = Release|Any CPU
		{0FEE8658-3E13-47DC-8A34-4E173124E75C}.FastDeployGame|Mixed Platforms.Build.0 = Release|Any CPU
		{0FEE8658-3E13-47DC-8A34-4E173124E75C}.FastDeployGame|Windows Phone.ActiveCfg = Release|Any CPU
		{0FEE8658-3E13-47DC-8A34-4E173124E75C}.FastDeployGame|x86.ActiveCfg = Release|Any CPU
		{0FEE8658-3E13-47DC-8A34-4E173124E75C}.FastDeployGame|Xbox 360.ActiveCfg = Release|Any CPU
		{0FEE8658-3E13-47DC-8A34-4E173124E75C}.MinimalLoad|Any CPU.ActiveCfg = Release|Any CPU
		{0FEE8658-3E13-47DC-8A34-4E173124E75C}.MinimalLoad|Any CPU.Build.0 = Release|Any CPU
		{0FEE8658-3E13-47DC-8A34-4E173124E75C}.MinimalLoad|Mixed Platforms.ActiveCfg = Release|Any CPU
		{0FEE8658-3E13-47DC-8A34-4E173124E75C}.MinimalLoad|Mixed Platforms.Build.0 = Release|Any CPU
		{0FEE8658-3E13-47DC-8A34-4E173124E75C}.MinimalLoad|Windows Phone.ActiveCfg = Release|Any CPU
		{0FEE8658-3E13-47DC-8A34-4E173124E75C}.MinimalLoad|x86.ActiveCfg = Release|Any CPU
		{0FEE8658-3E13-47DC-8A34-4E173124E75C}.MinimalLoad|Xbox 360.ActiveCfg = Release|Any CPU
		{0FEE8658-3E13-47DC-8A34-4E173124E75C}.Release|Any CPU.ActiveCfg = Release|Any CPU
		{0FEE8658-3E13-47DC-8A34-4E173124E75C}.Release|Any CPU.Build.0 = Release|Any CPU
		{0FEE8658-3E13-47DC-8A34-4E173124E75C}.Release|Mixed Platforms.ActiveCfg = Release|Any CPU
		{0FEE8658-3E13-47DC-8A34-4E173124E75C}.Release|Mixed Platforms.Build.0 = Release|Any CPU
		{0FEE8658-3E13-47DC-8A34-4E173124E75C}.Release|Windows Phone.ActiveCfg = Release|Any CPU
		{0FEE8658-3E13-47DC-8A34-4E173124E75C}.Release|x86.ActiveCfg = Release|Any CPU
		{0FEE8658-3E13-47DC-8A34-4E173124E75C}.Release|Xbox 360.ActiveCfg = Release|Any CPU
		{49537E73-DC67-4D39-881A-358CD1852C77}.Debug|Any CPU.ActiveCfg = Debug|x86
		{49537E73-DC67-4D39-881A-358CD1852C77}.Debug|Mixed Platforms.ActiveCfg = Debug|x86
		{49537E73-DC67-4D39-881A-358CD1852C77}.Debug|Mixed Platforms.Build.0 = Debug|x86
		{49537E73-DC67-4D39-881A-358CD1852C77}.Debug|Windows Phone.ActiveCfg = Debug|x86
		{49537E73-DC67-4D39-881A-358CD1852C77}.Debug|Windows Phone.Build.0 = Debug|x86
		{49537E73-DC67-4D39-881A-358CD1852C77}.Debug|x86.ActiveCfg = Debug|x86
		{49537E73-DC67-4D39-881A-358CD1852C77}.Debug|x86.Build.0 = Debug|x86
		{49537E73-DC67-4D39-881A-358CD1852C77}.Debug|Xbox 360.ActiveCfg = Debug|x86
		{49537E73-DC67-4D39-881A-358CD1852C77}.Debug|Xbox 360.Build.0 = Debug|x86
		{49537E73-DC67-4D39-881A-358CD1852C77}.FastDeployGame|Any CPU.ActiveCfg = Release|x86
		{49537E73-DC67-4D39-881A-358CD1852C77}.FastDeployGame|Mixed Platforms.ActiveCfg = Release|x86
		{49537E73-DC67-4D39-881A-358CD1852C77}.FastDeployGame|Mixed Platforms.Build.0 = Release|x86
		{49537E73-DC67-4D39-881A-358CD1852C77}.FastDeployGame|Windows Phone.ActiveCfg = Release|x86
		{49537E73-DC67-4D39-881A-358CD1852C77}.FastDeployGame|Windows Phone.Build.0 = Release|x86
		{49537E73-DC67-4D39-881A-358CD1852C77}.FastDeployGame|x86.ActiveCfg = Release|x86
		{49537E73-DC67-4D39-881A-358CD1852C77}.FastDeployGame|x86.Build.0 = Release|x86
		{49537E73-DC67-4D39-881A-358CD1852C77}.FastDeployGame|Xbox 360.ActiveCfg = Release|x86
		{49537E73-DC67-4D39-881A-358CD1852C77}.FastDeployGame|Xbox 360.Build.0 = Release|x86
		{49537E73-DC67-4D39-881A-358CD1852C77}.MinimalLoad|Any CPU.ActiveCfg = Release|x86
		{49537E73-DC67-4D39-881A-358CD1852C77}.MinimalLoad|Mixed Platforms.ActiveCfg = Release|x86
		{49537E73-DC67-4D39-881A-358CD1852C77}.MinimalLoad|Mixed Platforms.Build.0 = Release|x86
		{49537E73-DC67-4D39-881A-358CD1852C77}.MinimalLoad|Windows Phone.ActiveCfg = Release|x86
		{49537E73-DC67-4D39-881A-358CD1852C77}.MinimalLoad|Windows Phone.Build.0 = Release|x86
		{49537E73-DC67-4D39-881A-358CD1852C77}.MinimalLoad|x86.ActiveCfg = Release|x86
		{49537E73-DC67-4D39-881A-358CD1852C77}.MinimalLoad|x86.Build.0 = Release|x86
		{49537E73-DC67-4D39-881A-358CD1852C77}.MinimalLoad|Xbox 360.ActiveCfg = Release|x86
		{49537E73-DC67-4D39-881A-358CD1852C77}.MinimalLoad|Xbox 360.Build.0 = Release|x86
		{49537E73-DC67-4D39-881A-358CD1852C77}.Release|Any CPU.ActiveCfg = Release|x86
		{49537E73-DC67-4D39-881A-358CD1852C77}.Release|Mixed Platforms.ActiveCfg = Release|x86
		{49537E73-DC67-4D39-881A-358CD1852C77}.Release|Mixed Platforms.Build.0 = Release|x86
		{49537E73-DC67-4D39-881A-358CD1852C77}.Release|Windows Phone.ActiveCfg = Release|x86
		{49537E73-DC67-4D39-881A-358CD1852C77}.Release|Windows Phone.Build.0 = Release|x86
		{49537E73-DC67-4D39-881A-358CD1852C77}.Release|x86.ActiveCfg = Release|x86
		{49537E73-DC67-4D39-881A-358CD1852C77}.Release|x86.Build.0 = Release|x86
		{49537E73-DC67-4D39-881A-358CD1852C77}.Release|Xbox 360.ActiveCfg = Release|x86
		{49537E73-DC67-4D39-881A-358CD1852C77}.Release|Xbox 360.Build.0 = Release|x86
		{320E51BB-6023-4C3F-B7C6-E9500FE1880C}.Debug|Any CPU.ActiveCfg = Debug|x86
		{320E51BB-6023-4C3F-B7C6-E9500FE1880C}.Debug|Mixed Platforms.ActiveCfg = Debug|x86
		{320E51BB-6023-4C3F-B7C6-E9500FE1880C}.Debug|Windows Phone.ActiveCfg = Debug|x86
		{320E51BB-6023-4C3F-B7C6-E9500FE1880C}.Debug|x86.ActiveCfg = Debug|x86
		{320E51BB-6023-4C3F-B7C6-E9500FE1880C}.Debug|Xbox 360.ActiveCfg = Debug|x86
		{320E51BB-6023-4C3F-B7C6-E9500FE1880C}.FastDeployGame|Any CPU.ActiveCfg = Release|x86
		{320E51BB-6023-4C3F-B7C6-E9500FE1880C}.FastDeployGame|Mixed Platforms.ActiveCfg = Release|x86
		{320E51BB-6023-4C3F-B7C6-E9500FE1880C}.FastDeployGame|Windows Phone.ActiveCfg = Release|x86
		{320E51BB-6023-4C3F-B7C6-E9500FE1880C}.FastDeployGame|x86.ActiveCfg = Release|x86
		{320E51BB-6023-4C3F-B7C6-E9500FE1880C}.FastDeployGame|Xbox 360.ActiveCfg = Release|x86
		{320E51BB-6023-4C3F-B7C6-E9500FE1880C}.MinimalLoad|Any CPU.ActiveCfg = Release|x86
		{320E51BB-6023-4C3F-B7C6-E9500FE1880C}.MinimalLoad|Mixed Platforms.ActiveCfg = Release|x86
		{320E51BB-6023-4C3F-B7C6-E9500FE1880C}.MinimalLoad|Windows Phone.ActiveCfg = Release|x86
		{320E51BB-6023-4C3F-B7C6-E9500FE1880C}.MinimalLoad|x86.ActiveCfg = Release|x86
		{320E51BB-6023-4C3F-B7C6-E9500FE1880C}.MinimalLoad|Xbox 360.ActiveCfg = Release|x86
		{320E51BB-6023-4C3F-B7C6-E9500FE1880C}.Release|Any CPU.ActiveCfg = Release|x86
		{320E51BB-6023-4C3F-B7C6-E9500FE1880C}.Release|Mixed Platforms.ActiveCfg = Release|x86
		{320E51BB-6023-4C3F-B7C6-E9500FE1880C}.Release|Windows Phone.ActiveCfg = Release|x86
		{320E51BB-6023-4C3F-B7C6-E9500FE1880C}.Release|x86.ActiveCfg = Release|x86
		{320E51BB-6023-4C3F-B7C6-E9500FE1880C}.Release|Xbox 360.ActiveCfg = Release|x86
		{972591D9-EC31-44F2-B860-A060F4A7D9C5}.Debug|Any CPU.ActiveCfg = Debug|x86
		{972591D9-EC31-44F2-B860-A060F4A7D9C5}.Debug|Mixed Platforms.ActiveCfg = Debug|x86
		{972591D9-EC31-44F2-B860-A060F4A7D9C5}.Debug|Mixed Platforms.Build.0 = Debug|x86
		{972591D9-EC31-44F2-B860-A060F4A7D9C5}.Debug|Windows Phone.ActiveCfg = Debug|x86
		{972591D9-EC31-44F2-B860-A060F4A7D9C5}.Debug|Windows Phone.Build.0 = Debug|x86
		{972591D9-EC31-44F2-B860-A060F4A7D9C5}.Debug|x86.ActiveCfg = Debug|x86
		{972591D9-EC31-44F2-B860-A060F4A7D9C5}.Debug|x86.Build.0 = Debug|x86
		{972591D9-EC31-44F2-B860-A060F4A7D9C5}.Debug|Xbox 360.ActiveCfg = Debug|x86
		{972591D9-EC31-44F2-B860-A060F4A7D9C5}.Debug|Xbox 360.Build.0 = Debug|x86
		{972591D9-EC31-44F2-B860-A060F4A7D9C5}.FastDeployGame|Any CPU.ActiveCfg = FastDeployGame|x86
		{972591D9-EC31-44F2-B860-A060F4A7D9C5}.FastDeployGame|Mixed Platforms.ActiveCfg = FastDeployGame|x86
		{972591D9-EC31-44F2-B860-A060F4A7D9C5}.FastDeployGame|Mixed Platforms.Build.0 = FastDeployGame|x86
		{972591D9-EC31-44F2-B860-A060F4A7D9C5}.FastDeployGame|Windows Phone.ActiveCfg = FastDeployGame|x86
		{972591D9-EC31-44F2-B860-A060F4A7D9C5}.FastDeployGame|Windows Phone.Build.0 = FastDeployGame|x86
		{972591D9-EC31-44F2-B860-A060F4A7D9C5}.FastDeployGame|x86.ActiveCfg = FastDeployGame|x86
		{972591D9-EC31-44F2-B860-A060F4A7D9C5}.FastDeployGame|x86.Build.0 = FastDeployGame|x86
		{972591D9-EC31-44F2-B860-A060F4A7D9C5}.FastDeployGame|Xbox 360.ActiveCfg = FastDeployGame|x86
		{972591D9-EC31-44F2-B860-A060F4A7D9C5}.FastDeployGame|Xbox 360.Build.0 = FastDeployGame|x86
		{972591D9-EC31-44F2-B860-A060F4A7D9C5}.MinimalLoad|Any CPU.ActiveCfg = FastDeployGame|x86
		{972591D9-EC31-44F2-B860-A060F4A7D9C5}.MinimalLoad|Mixed Platforms.ActiveCfg = FastDeployGame|x86
		{972591D9-EC31-44F2-B860-A060F4A7D9C5}.MinimalLoad|Mixed Platforms.Build.0 = FastDeployGame|x86
		{972591D9-EC31-44F2-B860-A060F4A7D9C5}.MinimalLoad|Windows Phone.ActiveCfg = FastDeployGame|x86
		{972591D9-EC31-44F2-B860-A060F4A7D9C5}.MinimalLoad|Windows Phone.Build.0 = FastDeployGame|x86
		{972591D9-EC31-44F2-B860-A060F4A7D9C5}.MinimalLoad|x86.ActiveCfg = FastDeployGame|x86
		{972591D9-EC31-44F2-B860-A060F4A7D9C5}.MinimalLoad|x86.Build.0 = FastDeployGame|x86
		{972591D9-EC31-44F2-B860-A060F4A7D9C5}.MinimalLoad|Xbox 360.ActiveCfg = FastDeployGame|x86
		{972591D9-EC31-44F2-B860-A060F4A7D9C5}.MinimalLoad|Xbox 360.Build.0 = FastDeployGame|x86
		{972591D9-EC31-44F2-B860-A060F4A7D9C5}.Release|Any CPU.ActiveCfg = Release|x86
		{972591D9-EC31-44F2-B860-A060F4A7D9C5}.Release|Mixed Platforms.ActiveCfg = Release|x86
		{972591D9-EC31-44F2-B860-A060F4A7D9C5}.Release|Mixed Platforms.Build.0 = Release|x86
		{972591D9-EC31-44F2-B860-A060F4A7D9C5}.Release|Windows Phone.ActiveCfg = Release|x86
		{972591D9-EC31-44F2-B860-A060F4A7D9C5}.Release|Windows Phone.Build.0 = Release|x86
		{972591D9-EC31-44F2-B860-A060F4A7D9C5}.Release|x86.ActiveCfg = Release|x86
		{972591D9-EC31-44F2-B860-A060F4A7D9C5}.Release|x86.Build.0 = Release|x86
		{972591D9-EC31-44F2-B860-A060F4A7D9C5}.Release|Xbox 360.ActiveCfg = Release|x86
		{972591D9-EC31-44F2-B860-A060F4A7D9C5}.Release|Xbox 360.Build.0 = Release|x86
		{BBEBBFB9-9E08-437B-967B-5308D7059E16}.Debug|Any CPU.ActiveCfg = Debug|Windows Phone
		{BBEBBFB9-9E08-437B-967B-5308D7059E16}.Debug|Mixed Platforms.ActiveCfg = Debug|Windows Phone
		{BBEBBFB9-9E08-437B-967B-5308D7059E16}.Debug|Mixed Platforms.Build.0 = Debug|Windows Phone
		{BBEBBFB9-9E08-437B-967B-5308D7059E16}.Debug|Windows Phone.ActiveCfg = Debug|Windows Phone
		{BBEBBFB9-9E08-437B-967B-5308D7059E16}.Debug|Windows Phone.Build.0 = Debug|Windows Phone
		{BBEBBFB9-9E08-437B-967B-5308D7059E16}.Debug|x86.ActiveCfg = Debug|Windows Phone
		{BBEBBFB9-9E08-437B-967B-5308D7059E16}.Debug|Xbox 360.ActiveCfg = Debug|Windows Phone
		{BBEBBFB9-9E08-437B-967B-5308D7059E16}.Debug|Xbox 360.Build.0 = Debug|Windows Phone
		{BBEBBFB9-9E08-437B-967B-5308D7059E16}.FastDeployGame|Any CPU.ActiveCfg = FastDeployGame|Windows Phone
		{BBEBBFB9-9E08-437B-967B-5308D7059E16}.FastDeployGame|Mixed Platforms.ActiveCfg = FastDeployGame|Windows Phone
		{BBEBBFB9-9E08-437B-967B-5308D7059E16}.FastDeployGame|Mixed Platforms.Build.0 = FastDeployGame|Windows Phone
		{BBEBBFB9-9E08-437B-967B-5308D7059E16}.FastDeployGame|Windows Phone.ActiveCfg = FastDeployGame|Windows Phone
		{BBEBBFB9-9E08-437B-967B-5308D7059E16}.FastDeployGame|Windows Phone.Build.0 = FastDeployGame|Windows Phone
		{BBEBBFB9-9E08-437B-967B-5308D7059E16}.FastDeployGame|x86.ActiveCfg = FastDeployGame|Windows Phone
		{BBEBBFB9-9E08-437B-967B-5308D7059E16}.FastDeployGame|Xbox 360.ActiveCfg = FastDeployGame|Windows Phone
		{BBEBBFB9-9E08-437B-967B-5308D7059E16}.FastDeployGame|Xbox 360.Build.0 = FastDeployGame|Windows Phone
		{BBEBBFB9-9E08-437B-967B-5308D7059E16}.MinimalLoad|Any CPU.ActiveCfg = FastDeployGame|Windows Phone
		{BBEBBFB9-9E08-437B-967B-5308D7059E16}.MinimalLoad|Mixed Platforms.ActiveCfg = FastDeployGame|Windows Phone
		{BBEBBFB9-9E08-437B-967B-5308D7059E16}.MinimalLoad|Mixed Platforms.Build.0 = FastDeployGame|Windows Phone
		{BBEBBFB9-9E08-437B-967B-5308D7059E16}.MinimalLoad|Windows Phone.ActiveCfg = FastDeployGame|Windows Phone
		{BBEBBFB9-9E08-437B-967B-5308D7059E16}.MinimalLoad|Windows Phone.Build.0 = FastDeployGame|Windows Phone
		{BBEBBFB9-9E08-437B-967B-5308D7059E16}.MinimalLoad|x86.ActiveCfg = FastDeployGame|Windows Phone
		{BBEBBFB9-9E08-437B-967B-5308D7059E16}.MinimalLoad|Xbox 360.ActiveCfg = FastDeployGame|Windows Phone
		{BBEBBFB9-9E08-437B-967B-5308D7059E16}.MinimalLoad|Xbox 360.Build.0 = FastDeployGame|Windows Phone
		{BBEBBFB9-9E08-437B-967B-5308D7059E16}.Release|Any CPU.ActiveCfg = Release|Windows Phone
		{BBEBBFB9-9E08-437B-967B-5308D7059E16}.Release|Mixed Platforms.ActiveCfg = Release|Windows Phone
		{BBEBBFB9-9E08-437B-967B-5308D7059E16}.Release|Mixed Platforms.Build.0 = Release|Windows Phone
		{BBEBBFB9-9E08-437B-967B-5308D7059E16}.Release|Windows Phone.ActiveCfg = Release|Windows Phone
		{BBEBBFB9-9E08-437B-967B-5308D7059E16}.Release|Windows Phone.Build.0 = Release|Windows Phone
		{BBEBBFB9-9E08-437B-967B-5308D7059E16}.Release|x86.ActiveCfg = Release|Windows Phone
		{BBEBBFB9-9E08-437B-967B-5308D7059E16}.Release|Xbox 360.ActiveCfg = Release|Windows Phone
		{BBEBBFB9-9E08-437B-967B-5308D7059E16}.Release|Xbox 360.Build.0 = Release|Windows Phone
		{0E5787C6-AEF0-4E28-859D-4CDE1EC0106D}.Debug|Any CPU.ActiveCfg = Debug|Xbox 360
		{0E5787C6-AEF0-4E28-859D-4CDE1EC0106D}.Debug|Mixed Platforms.ActiveCfg = Debug|Xbox 360
		{0E5787C6-AEF0-4E28-859D-4CDE1EC0106D}.Debug|Mixed Platforms.Build.0 = Debug|Xbox 360
		{0E5787C6-AEF0-4E28-859D-4CDE1EC0106D}.Debug|Windows Phone.ActiveCfg = Debug|Xbox 360
		{0E5787C6-AEF0-4E28-859D-4CDE1EC0106D}.Debug|x86.ActiveCfg = Debug|Xbox 360
		{0E5787C6-AEF0-4E28-859D-4CDE1EC0106D}.Debug|Xbox 360.ActiveCfg = Debug|Xbox 360
		{0E5787C6-AEF0-4E28-859D-4CDE1EC0106D}.Debug|Xbox 360.Build.0 = Debug|Xbox 360
		{0E5787C6-AEF0-4E28-859D-4CDE1EC0106D}.FastDeployGame|Any CPU.ActiveCfg = Release|Xbox 360
		{0E5787C6-AEF0-4E28-859D-4CDE1EC0106D}.FastDeployGame|Mixed Platforms.ActiveCfg = Release|Xbox 360
		{0E5787C6-AEF0-4E28-859D-4CDE1EC0106D}.FastDeployGame|Mixed Platforms.Build.0 = Release|Xbox 360
		{0E5787C6-AEF0-4E28-859D-4CDE1EC0106D}.FastDeployGame|Windows Phone.ActiveCfg = Release|Xbox 360
		{0E5787C6-AEF0-4E28-859D-4CDE1EC0106D}.FastDeployGame|x86.ActiveCfg = Release|Xbox 360
		{0E5787C6-AEF0-4E28-859D-4CDE1EC0106D}.FastDeployGame|Xbox 360.ActiveCfg = Release|Xbox 360
		{0E5787C6-AEF0-4E28-859D-4CDE1EC0106D}.FastDeployGame|Xbox 360.Build.0 = Release|Xbox 360
		{0E5787C6-AEF0-4E28-859D-4CDE1EC0106D}.MinimalLoad|Any CPU.ActiveCfg = Release|Xbox 360
		{0E5787C6-AEF0-4E28-859D-4CDE1EC0106D}.MinimalLoad|Mixed Platforms.ActiveCfg = Release|Xbox 360
		{0E5787C6-AEF0-4E28-859D-4CDE1EC0106D}.MinimalLoad|Mixed Platforms.Build.0 = Release|Xbox 360
		{0E5787C6-AEF0-4E28-859D-4CDE1EC0106D}.MinimalLoad|Windows Phone.ActiveCfg = Release|Xbox 360
		{0E5787C6-AEF0-4E28-859D-4CDE1EC0106D}.MinimalLoad|x86.ActiveCfg = Release|Xbox 360
		{0E5787C6-AEF0-4E28-859D-4CDE1EC0106D}.MinimalLoad|Xbox 360.ActiveCfg = Release|Xbox 360
		{0E5787C6-AEF0-4E28-859D-4CDE1EC0106D}.MinimalLoad|Xbox 360.Build.0 = Release|Xbox 360
		{0E5787C6-AEF0-4E28-859D-4CDE1EC0106D}.Release|Any CPU.ActiveCfg = Release|Xbox 360
		{0E5787C6-AEF0-4E28-859D-4CDE1EC0106D}.Release|Mixed Platforms.ActiveCfg = Release|Xbox 360
		{0E5787C6-AEF0-4E28-859D-4CDE1EC0106D}.Release|Mixed Platforms.Build.0 = Release|Xbox 360
		{0E5787C6-AEF0-4E28-859D-4CDE1EC0106D}.Release|Windows Phone.ActiveCfg = Release|Xbox 360
		{0E5787C6-AEF0-4E28-859D-4CDE1EC0106D}.Release|x86.ActiveCfg = Release|Xbox 360
		{0E5787C6-AEF0-4E28-859D-4CDE1EC0106D}.Release|Xbox 360.ActiveCfg = Release|Xbox 360
		{0E5787C6-AEF0-4E28-859D-4CDE1EC0106D}.Release|Xbox 360.Build.0 = Release|Xbox 360
		{451DE2D6-2961-40C7-870D-794CE846F5A3}.Debug|Any CPU.ActiveCfg = Debug|x86
		{451DE2D6-2961-40C7-870D-794CE846F5A3}.Debug|Mixed Platforms.ActiveCfg = Debug|x86
		{451DE2D6-2961-40C7-870D-794CE846F5A3}.Debug|Mixed Platforms.Build.0 = Debug|x86
		{451DE2D6-2961-40C7-870D-794CE846F5A3}.Debug|Windows Phone.ActiveCfg = Debug|x86
		{451DE2D6-2961-40C7-870D-794CE846F5A3}.Debug|x86.ActiveCfg = Debug|x86
		{451DE2D6-2961-40C7-870D-794CE846F5A3}.Debug|x86.Build.0 = Debug|x86
		{451DE2D6-2961-40C7-870D-794CE846F5A3}.Debug|Xbox 360.ActiveCfg = Debug|x86
		{451DE2D6-2961-40C7-870D-794CE846F5A3}.FastDeployGame|Any CPU.ActiveCfg = Release|x86
		{451DE2D6-2961-40C7-870D-794CE846F5A3}.FastDeployGame|Mixed Platforms.ActiveCfg = Release|x86
		{451DE2D6-2961-40C7-870D-794CE846F5A3}.FastDeployGame|Mixed Platforms.Build.0 = Release|x86
		{451DE2D6-2961-40C7-870D-794CE846F5A3}.FastDeployGame|Windows Phone.ActiveCfg = Release|x86
		{451DE2D6-2961-40C7-870D-794CE846F5A3}.FastDeployGame|x86.ActiveCfg = Release|x86
		{451DE2D6-2961-40C7-870D-794CE846F5A3}.FastDeployGame|x86.Build.0 = Release|x86
		{451DE2D6-2961-40C7-870D-794CE846F5A3}.FastDeployGame|Xbox 360.ActiveCfg = Release|x86
		{451DE2D6-2961-40C7-870D-794CE846F5A3}.MinimalLoad|Any CPU.ActiveCfg = Release|x86
		{451DE2D6-2961-40C7-870D-794CE846F5A3}.MinimalLoad|Mixed Platforms.ActiveCfg = Release|x86
		{451DE2D6-2961-40C7-870D-794CE846F5A3}.MinimalLoad|Mixed Platforms.Build.0 = Release|x86
		{451DE2D6-2961-40C7-870D-794CE846F5A3}.MinimalLoad|Windows Phone.ActiveCfg = Release|x86
		{451DE2D6-2961-40C7-870D-794CE846F5A3}.MinimalLoad|x86.ActiveCfg = Release|x86
		{451DE2D6-2961-40C7-870D-794CE846F5A3}.MinimalLoad|x86.Build.0 = Release|x86
		{451DE2D6-2961-40C7-870D-794CE846F5A3}.MinimalLoad|Xbox 360.ActiveCfg = Release|x86
		{451DE2D6-2961-40C7-870D-794CE846F5A3}.Release|Any CPU.ActiveCfg = Release|x86
		{451DE2D6-2961-40C7-870D-794CE846F5A3}.Release|Mixed Platforms.ActiveCfg = Release|x86
		{451DE2D6-2961-40C7-870D-794CE846F5A3}.Release|Mixed Platforms.Build.0 = Release|x86
		{451DE2D6-2961-40C7-870D-794CE846F5A3}.Release|Windows Phone.ActiveCfg = Release|x86
		{451DE2D6-2961-40C7-870D-794CE846F5A3}.Release|x86.ActiveCfg = Release|x86
		{451DE2D6-2961-40C7-870D-794CE846F5A3}.Release|x86.Build.0 = Release|x86
		{451DE2D6-2961-40C7-870D-794CE846F5A3}.Release|Xbox 360.ActiveCfg = Release|x86
	EndGlobalSection
	GlobalSection(SolutionProperties) = preSolution
		HideSolutionNode = FALSE
	EndGlobalSection
	GlobalSection(NestedProjects) = preSolution
		{320E51BB-6023-4C3F-B7C6-E9500FE1880C} = {97319219-5E2C-406C-A69D-372D2616E8A2}
		{49537E73-DC67-4D39-881A-358CD1852C77} = {012C0BB5-C908-4D09-9792-163E18F7039F}
		{0E5787C6-AEF0-4E28-859D-4CDE1EC0106D} = {A5D6AB53-AFEB-4F10-A063-327E0D7F1C31}
		{BBEBBFB9-9E08-437B-967B-5308D7059E16} = {A5D6AB53-AFEB-4F10-A063-327E0D7F1C31}
		{451DE2D6-2961-40C7-870D-794CE846F5A3} = {7DB833C5-334F-42A4-B902-C8124ACFC8BB}
	EndGlobalSection
EndGlobal
